// !$*UTF8*$!
{
	archiveVersion = 1;
	classes = {
	};
	objectVersion = 77;
	objects = {

/* Begin PBXBuildFile section */
		03CBDDDC3D283DB343ADE280 /* pidissuerca02_ee.der in Resources */ = {isa = PBXBuildFile; fileRef = 80DE01632BE28B1C96A3649D /* pidissuerca02_ee.der */; };
		11645960D8583608555A7256 /* EudiWalletKitAdapter in Frameworks */ = {isa = PBXBuildFile; productRef = 377D5477E6619F6CD2F469DD /* EudiWalletKitAdapter */; };
		1275814F950BFE89C50B0AAE /* WalletKitRuntimeProbe.swift in Sources */ = {isa = PBXBuildFile; fileRef = 7C930619E1432B0507B293A0 /* WalletKitRuntimeProbe.swift */; };
		13A9D5AC982E9BA38ECA114E /* EudiFlowView.swift in Sources */ = {isa = PBXBuildFile; fileRef = 021FE192C1057D5360B98083 /* EudiFlowView.swift */; };
		148BA48E5A93CF8A92275BCD /* WalletUITests.swift in Sources */ = {isa = PBXBuildFile; fileRef = 286031545802A58CB1A31335 /* WalletUITests.swift */; };
		17720D8DDE4ECE295FC2F85C /* ProtocolEngine in Frameworks */ = {isa = PBXBuildFile; productRef = 9265AFC7F1BD144B84E537E1 /* ProtocolEngine */; };
		17E65759A45BEC85BB7208D7 /* r45_staging.der in Resources */ = {isa = PBXBuildFile; fileRef = 63CB63D6C90891CE199E9692 /* r45_staging.der */; };
		19A513CB8501F37BB68A41CC /* CameraQRScannerView.swift in Sources */ = {isa = PBXBuildFile; fileRef = C6F7A1429C92D3F4CBCC96B8 /* CameraQRScannerView.swift */; };
		19C8E576FC6C967F662642B3 /* EudiReferenceDemoConfigurationTests.swift in Sources */ = {isa = PBXBuildFile; fileRef = E7D538593C4F633BF3F4A85A /* EudiReferenceDemoConfigurationTests.swift */; };
		1A050C09E612A2BA5F918DFD /* OpenID4VCService.swift in Sources */ = {isa = PBXBuildFile; fileRef = AFAFE170E7127CBBE3749125 /* OpenID4VCService.swift */; };
		1F752FC22314DB8ED89AC3C1 /* pidissuerca02_pt.der in Resources */ = {isa = PBXBuildFile; fileRef = D3B375ACB505E0CAF40BF124 /* pidissuerca02_pt.der */; };
		22C63C48873AF23E8411BE40 /* WalletAppModel.swift in Sources */ = {isa = PBXBuildFile; fileRef = 6E9337B2250C6D7FDA1FEFA6 /* WalletAppModel.swift */; };
		2987A6871999EA431534789E /* WalletVault in Frameworks */ = {isa = PBXBuildFile; productRef = 1C2BC55F8C4AD87C59681B4D /* WalletVault */; };
		2F5C9E869D646A5A3044A087 /* EudiWalletService.swift in Sources */ = {isa = PBXBuildFile; fileRef = 77A3EE9337DA562CCE187E33 /* EudiWalletService.swift */; };
		3520B65E17D9C7319B1BF18D /* pidissuerca02_eu.der in Resources */ = {isa = PBXBuildFile; fileRef = 9C77EF4ECAA5A226E4640F9B /* pidissuerca02_eu.der */; };
		36C0BD34883DAAB1DC4D4F51 /* pidissuerca02_lu.der in Resources */ = {isa = PBXBuildFile; fileRef = 4CBF7497B96B2AB6951FECDF /* pidissuerca02_lu.der */; };
		3AA31F8E1921AC9AEC9BBE4D /* pidissuerca02_cz.der in Resources */ = {isa = PBXBuildFile; fileRef = E0486F61F60AEE43016BF965 /* pidissuerca02_cz.der */; };
		51C6A8874BF32FE18904F7BA /* WalletScreens.swift in Sources */ = {isa = PBXBuildFile; fileRef = 85D309EBDC2A9920E5B60BC6 /* WalletScreens.swift */; };
		662E92423EF810D3BBD255C4 /* W3CBackendComposition.swift in Sources */ = {isa = PBXBuildFile; fileRef = 915D1F8942A0491619265CE7 /* W3CBackendComposition.swift */; };
		6949356DE0DBDCBA4ED14727 /* PrivacyInfo.xcprivacy in Resources */ = {isa = PBXBuildFile; fileRef = C4BA2AD99BEDFCE67DACB5F3 /* PrivacyInfo.xcprivacy */; };
		72B84DE4381C31E9174DA70B /* pidissuerca02_ut.der in Resources */ = {isa = PBXBuildFile; fileRef = 0AE065EBDC57B771BB715A09 /* pidissuerca02_ut.der */; };
		82646659A1496DE955924E7D /* WalletKitIOSIntegrationTests.swift in Sources */ = {isa = PBXBuildFile; fileRef = BBDE0CBAB3548D875B281AA6 /* WalletKitIOSIntegrationTests.swift */; };
		90573B64E924980278DB944F /* Assets.xcassets in Resources */ = {isa = PBXBuildFile; fileRef = 5D5F89C3D4788628CA6D8014 /* Assets.xcassets */; };
		A18899ABF42C15905D154257 /* TrustWarningView.swift in Sources */ = {isa = PBXBuildFile; fileRef = E3FC749C5E72A4CAB30AFB3A /* TrustWarningView.swift */; };
		A5BC8036BA15C3E8CCA1991F /* EbsiW3CBackend in Frameworks */ = {isa = PBXBuildFile; productRef = F3D2D3D88DF7E075E9286D51 /* EbsiW3CBackend */; };
		B930FC8EDE7DBEDB223BE1BB /* EudiReferenceDemoConfiguration.swift in Sources */ = {isa = PBXBuildFile; fileRef = 05B3AAF6CAAFFFB506330199 /* EudiReferenceDemoConfiguration.swift */; };
		BB5F75258CF99035C9D5D1AA /* TestTrustAnchor.bin in Resources */ = {isa = PBXBuildFile; fileRef = 4FE288BD4E8DB12A11690ACD /* TestTrustAnchor.bin */; };
		C032DC2FA8CD786F33ABA8F2 /* Preview Assets.xcassets in Resources */ = {isa = PBXBuildFile; fileRef = 41B338197E405D85D26A6274 /* Preview Assets.xcassets */; };
		C3D6493B7D6D8F95986DCA5D /* WalletAppDependencies.swift in Sources */ = {isa = PBXBuildFile; fileRef = 64C03187412B0090004CAC94 /* WalletAppDependencies.swift */; };
		CAF4B705B74DBB9169DBBACA /* AppIcon.icon in Resources */ = {isa = PBXBuildFile; fileRef = 4FFAF173EB43F3748132D89D /* AppIcon.icon */; };
		DC6FB72F96D2EA04AB8A1894 /* OariDesignSystem in Frameworks */ = {isa = PBXBuildFile; productRef = 91D2FD24D582D45EA9F6E775 /* OariDesignSystem */; };
		E20ABD887009EC78B6F99455 /* WalletRootView.swift in Sources */ = {isa = PBXBuildFile; fileRef = 6A99FF5DDB1987F4FD72445F /* WalletRootView.swift */; };
		E6A0EAA8B83C6FE3B95107D8 /* OariWalletApp.swift in Sources */ = {isa = PBXBuildFile; fileRef = 700CCFD09FEA5482EDF0717A /* OariWalletApp.swift */; };
		E6DC58A31B91747DED7422F3 /* WalletDomain in Frameworks */ = {isa = PBXBuildFile; productRef = 547EFD7E8CAEAE58C759B4C9 /* WalletDomain */; };
		F407085B3A0DBBA4DAD0A339 /* pidissuerca02_nl.der in Resources */ = {isa = PBXBuildFile; fileRef = 6D97B0522BE62FECAFDF67D5 /* pidissuerca02_nl.der */; };
		F690B78E88FEBF4B2B0854DA /* WalletAppModelTests.swift in Sources */ = {isa = PBXBuildFile; fileRef = 9A28098C49ABBDC5A6B792F5 /* WalletAppModelTests.swift */; };
		FF81E2B9D02E69F29CF77E19 /* AppConfiguration.swift in Sources */ = {isa = PBXBuildFile; fileRef = 7B6F76900B66D3073C3CE152 /* AppConfiguration.swift */; };
/* End PBXBuildFile section */

/* Begin PBXContainerItemProxy section */
		13E98A7A3F19906C4D4B4844 /* PBXContainerItemProxy */ = {
			isa = PBXContainerItemProxy;
			containerPortal = A738712B48B139664786C672 /* Project object */;
			proxyType = 1;
			remoteGlobalIDString = DB226ABFBC1EC926AA7764CB;
			remoteInfo = OariWallet;
		};
		EA5A67B7B862CABEB72ACDB7 /* PBXContainerItemProxy */ = {
			isa = PBXContainerItemProxy;
			containerPortal = A738712B48B139664786C672 /* Project object */;
			proxyType = 1;
			remoteGlobalIDString = DB226ABFBC1EC926AA7764CB;
			remoteInfo = OariWallet;
		};
/* End PBXContainerItemProxy section */

/* Begin PBXFileReference section */
		021FE192C1057D5360B98083 /* EudiFlowView.swift */ = {isa = PBXFileReference; lastKnownFileType = sourcecode.swift; path = EudiFlowView.swift; sourceTree = "<group>"; };
		05B3AAF6CAAFFFB506330199 /* EudiReferenceDemoConfiguration.swift */ = {isa = PBXFileReference; lastKnownFileType = sourcecode.swift; path = EudiReferenceDemoConfiguration.swift; sourceTree = "<group>"; };
		07421C4B64D228DC046D3FC5 /* eudi-wallet */ = {isa = PBXFileReference; lastKnownFileType = folder; name = "eudi-wallet"; path = .; sourceTree = SOURCE_ROOT; };
		0AE065EBDC57B771BB715A09 /* pidissuerca02_ut.der */ = {isa = PBXFileReference; lastKnownFileType = file; path = pidissuerca02_ut.der; sourceTree = "<group>"; };
		286031545802A58CB1A31335 /* WalletUITests.swift */ = {isa = PBXFileReference; lastKnownFileType = sourcecode.swift; path = WalletUITests.swift; sourceTree = "<group>"; };
		41B338197E405D85D26A6274 /* Preview Assets.xcassets */ = {isa = PBXFileReference; lastKnownFileType = folder.assetcatalog; path = "Preview Assets.xcassets"; sourceTree = "<group>"; };
		4CBF7497B96B2AB6951FECDF /* pidissuerca02_lu.der */ = {isa = PBXFileReference; lastKnownFileType = file; path = pidissuerca02_lu.der; sourceTree = "<group>"; };
		4FE288BD4E8DB12A11690ACD /* TestTrustAnchor.bin */ = {isa = PBXFileReference; lastKnownFileType = archive.macbinary; path = TestTrustAnchor.bin; sourceTree = "<group>"; };
		4FFAF173EB43F3748132D89D /* AppIcon.icon */ = {isa = PBXFileReference; lastKnownFileType = wrapper.icon; path = AppIcon.icon; sourceTree = "<group>"; };
		5D5F89C3D4788628CA6D8014 /* Assets.xcassets */ = {isa = PBXFileReference; lastKnownFileType = folder.assetcatalog; path = Assets.xcassets; sourceTree = "<group>"; };
		63CB63D6C90891CE199E9692 /* r45_staging.der */ = {isa = PBXFileReference; lastKnownFileType = file; path = r45_staging.der; sourceTree = "<group>"; };
		64C03187412B0090004CAC94 /* WalletAppDependencies.swift */ = {isa = PBXFileReference; lastKnownFileType = sourcecode.swift; path = WalletAppDependencies.swift; sourceTree = "<group>"; };
		6A99FF5DDB1987F4FD72445F /* WalletRootView.swift */ = {isa = PBXFileReference; lastKnownFileType = sourcecode.swift; path = WalletRootView.swift; sourceTree = "<group>"; };
		6D97B0522BE62FECAFDF67D5 /* pidissuerca02_nl.der */ = {isa = PBXFileReference; lastKnownFileType = file; path = pidissuerca02_nl.der; sourceTree = "<group>"; };
		6E9337B2250C6D7FDA1FEFA6 /* WalletAppModel.swift */ = {isa = PBXFileReference; lastKnownFileType = sourcecode.swift; path = WalletAppModel.swift; sourceTree = "<group>"; };
		700CCFD09FEA5482EDF0717A /* OariWalletApp.swift */ = {isa = PBXFileReference; lastKnownFileType = sourcecode.swift; path = OariWalletApp.swift; sourceTree = "<group>"; };
		77A3EE9337DA562CCE187E33 /* EudiWalletService.swift */ = {isa = PBXFileReference; lastKnownFileType = sourcecode.swift; path = EudiWalletService.swift; sourceTree = "<group>"; };
		7B6F76900B66D3073C3CE152 /* AppConfiguration.swift */ = {isa = PBXFileReference; lastKnownFileType = sourcecode.swift; path = AppConfiguration.swift; sourceTree = "<group>"; };
		7C930619E1432B0507B293A0 /* WalletKitRuntimeProbe.swift */ = {isa = PBXFileReference; lastKnownFileType = sourcecode.swift; path = WalletKitRuntimeProbe.swift; sourceTree = "<group>"; };
		80DE01632BE28B1C96A3649D /* pidissuerca02_ee.der */ = {isa = PBXFileReference; lastKnownFileType = file; path = pidissuerca02_ee.der; sourceTree = "<group>"; };
		85D309EBDC2A9920E5B60BC6 /* WalletScreens.swift */ = {isa = PBXFileReference; lastKnownFileType = sourcecode.swift; path = WalletScreens.swift; sourceTree = "<group>"; };
		915D1F8942A0491619265CE7 /* W3CBackendComposition.swift */ = {isa = PBXFileReference; lastKnownFileType = sourcecode.swift; path = W3CBackendComposition.swift; sourceTree = "<group>"; };
		97A15E0BE6ACA09A914CCF44 /* OariWallet.app */ = {isa = PBXFileReference; explicitFileType = wrapper.application; includeInIndex = 0; path = OariWallet.app; sourceTree = BUILT_PRODUCTS_DIR; };
		9A28098C49ABBDC5A6B792F5 /* WalletAppModelTests.swift */ = {isa = PBXFileReference; lastKnownFileType = sourcecode.swift; path = WalletAppModelTests.swift; sourceTree = "<group>"; };
		9C77EF4ECAA5A226E4640F9B /* pidissuerca02_eu.der */ = {isa = PBXFileReference; lastKnownFileType = file; path = pidissuerca02_eu.der; sourceTree = "<group>"; };
		A173F8F1FF8FA4B69FBCBB21 /* WalletTests.xctest */ = {isa = PBXFileReference; includeInIndex = 0; lastKnownFileType = wrapper.cfbundle; path = WalletTests.xctest; sourceTree = BUILT_PRODUCTS_DIR; };
		AFAFE170E7127CBBE3749125 /* OpenID4VCService.swift */ = {isa = PBXFileReference; lastKnownFileType = sourcecode.swift; path = OpenID4VCService.swift; sourceTree = "<group>"; };
		BBDE0CBAB3548D875B281AA6 /* WalletKitIOSIntegrationTests.swift */ = {isa = PBXFileReference; lastKnownFileType = sourcecode.swift; path = WalletKitIOSIntegrationTests.swift; sourceTree = "<group>"; };
		C45D243F9A227A767B7AC3A2 /* OariWallet.entitlements */ = {isa = PBXFileReference; lastKnownFileType = text.plist.entitlements; path = OariWallet.entitlements; sourceTree = "<group>"; };
		C4BA2AD99BEDFCE67DACB5F3 /* PrivacyInfo.xcprivacy */ = {isa = PBXFileReference; lastKnownFileType = text.xml; path = PrivacyInfo.xcprivacy; sourceTree = "<group>"; };
		C6F7A1429C92D3F4CBCC96B8 /* CameraQRScannerView.swift */ = {isa = PBXFileReference; lastKnownFileType = sourcecode.swift; path = CameraQRScannerView.swift; sourceTree = "<group>"; };
		D3B375ACB505E0CAF40BF124 /* pidissuerca02_pt.der */ = {isa = PBXFileReference; lastKnownFileType = file; path = pidissuerca02_pt.der; sourceTree = "<group>"; };
		E0486F61F60AEE43016BF965 /* pidissuerca02_cz.der */ = {isa = PBXFileReference; lastKnownFileType = file; path = pidissuerca02_cz.der; sourceTree = "<group>"; };
		E3FC749C5E72A4CAB30AFB3A /* TrustWarningView.swift */ = {isa = PBXFileReference; lastKnownFileType = sourcecode.swift; path = TrustWarningView.swift; sourceTree = "<group>"; };
		E7D538593C4F633BF3F4A85A /* EudiReferenceDemoConfigurationTests.swift */ = {isa = PBXFileReference; lastKnownFileType = sourcecode.swift; path = EudiReferenceDemoConfigurationTests.swift; sourceTree = "<group>"; };
		EE6231651ABE932AFB55827B /* WalletUITests.xctest */ = {isa = PBXFileReference; includeInIndex = 0; lastKnownFileType = wrapper.cfbundle; path = WalletUITests.xctest; sourceTree = BUILT_PRODUCTS_DIR; };
		F3D980FA8255B7B04C70751B /* Info.plist */ = {isa = PBXFileReference; lastKnownFileType = text.plist; path = Info.plist; sourceTree = "<group>"; };
/* End PBXFileReference section */

/* Begin PBXFrameworksBuildPhase section */
		1D2EB3BDB22C6FBD6C55CD15 /* Frameworks */ = {
			isa = PBXFrameworksBuildPhase;
			buildActionMask = 2147483647;
			files = (
				E6DC58A31B91747DED7422F3 /* WalletDomain in Frameworks */,
				17720D8DDE4ECE295FC2F85C /* ProtocolEngine in Frameworks */,
				DC6FB72F96D2EA04AB8A1894 /* OariDesignSystem in Frameworks */,
				2987A6871999EA431534789E /* WalletVault in Frameworks */,
				11645960D8583608555A7256 /* EudiWalletKitAdapter in Frameworks */,
				A5BC8036BA15C3E8CCA1991F /* EbsiW3CBackend in Frameworks */,
			);
			runOnlyForDeploymentPostprocessing = 0;
		};
/* End PBXFrameworksBuildPhase section */

/* Begin PBXGroup section */
		12BB4F732C18D011FC6EEC6B /* UITests */ = {
			isa = PBXGroup;
			children = (
				286031545802A58CB1A31335 /* WalletUITests.swift */,
			);
			path = UITests;
			sourceTree = "<group>";
		};
		39D80E1AF461583188C1876A /* Preview Content */ = {
			isa = PBXGroup;
			children = (
				41B338197E405D85D26A6274 /* Preview Assets.xcassets */,
			);
			path = "Preview Content";
			sourceTree = "<group>";
		};
		3A51EEB449FCE3F60392A031 /* Resources */ = {
			isa = PBXGroup;
			children = (
				4FE288BD4E8DB12A11690ACD /* TestTrustAnchor.bin */,
			);
			path = Resources;
			sourceTree = "<group>";
		};
		47D3816B5B92E63C52813CB6 = {
			isa = PBXGroup;
			children = (
				E44EC2D3D3A73EAC3BA65CA9 /* App */,
				D071192DCCBFDD3B93B30C32 /* Packages */,
				ED7FE5F6FB7EE3BBB03AC3DF /* Tests */,
				12BB4F732C18D011FC6EEC6B /* UITests */,
				CEC098C124B80E784FFC1DAE /* Products */,
			);
			sourceTree = "<group>";
		};
		CC9693C17F99890AE78619B7 /* ReferenceDemoCertificates */ = {
			isa = PBXGroup;
			children = (
				E0486F61F60AEE43016BF965 /* pidissuerca02_cz.der */,
				80DE01632BE28B1C96A3649D /* pidissuerca02_ee.der */,
				9C77EF4ECAA5A226E4640F9B /* pidissuerca02_eu.der */,
				4CBF7497B96B2AB6951FECDF /* pidissuerca02_lu.der */,
				6D97B0522BE62FECAFDF67D5 /* pidissuerca02_nl.der */,
				D3B375ACB505E0CAF40BF124 /* pidissuerca02_pt.der */,
				0AE065EBDC57B771BB715A09 /* pidissuerca02_ut.der */,
				63CB63D6C90891CE199E9692 /* r45_staging.der */,
			);
			path = ReferenceDemoCertificates;
			sourceTree = "<group>";
		};
		CEC098C124B80E784FFC1DAE /* Products */ = {
			isa = PBXGroup;
			children = (
				97A15E0BE6ACA09A914CCF44 /* OariWallet.app */,
				A173F8F1FF8FA4B69FBCBB21 /* WalletTests.xctest */,
				EE6231651ABE932AFB55827B /* WalletUITests.xctest */,
			);
			name = Products;
			sourceTree = "<group>";
		};
		D071192DCCBFDD3B93B30C32 /* Packages */ = {
			isa = PBXGroup;
			children = (
				07421C4B64D228DC046D3FC5 /* eudi-wallet */,
			);
			path = Packages;
			sourceTree = "<group>";
		};
		E44EC2D3D3A73EAC3BA65CA9 /* App */ = {
			isa = PBXGroup;
			children = (
				39D80E1AF461583188C1876A /* Preview Content */,
				CC9693C17F99890AE78619B7 /* ReferenceDemoCertificates */,
				7B6F76900B66D3073C3CE152 /* AppConfiguration.swift */,
				4FFAF173EB43F3748132D89D /* AppIcon.icon */,
				5D5F89C3D4788628CA6D8014 /* Assets.xcassets */,
				C6F7A1429C92D3F4CBCC96B8 /* CameraQRScannerView.swift */,
				021FE192C1057D5360B98083 /* EudiFlowView.swift */,
				05B3AAF6CAAFFFB506330199 /* EudiReferenceDemoConfiguration.swift */,
				77A3EE9337DA562CCE187E33 /* EudiWalletService.swift */,
				F3D980FA8255B7B04C70751B /* Info.plist */,
				C45D243F9A227A767B7AC3A2 /* OariWallet.entitlements */,
				700CCFD09FEA5482EDF0717A /* OariWalletApp.swift */,
				AFAFE170E7127CBBE3749125 /* OpenID4VCService.swift */,
				C4BA2AD99BEDFCE67DACB5F3 /* PrivacyInfo.xcprivacy */,
				E3FC749C5E72A4CAB30AFB3A /* TrustWarningView.swift */,
				915D1F8942A0491619265CE7 /* W3CBackendComposition.swift */,
				64C03187412B0090004CAC94 /* WalletAppDependencies.swift */,
				6E9337B2250C6D7FDA1FEFA6 /* WalletAppModel.swift */,
				7C930619E1432B0507B293A0 /* WalletKitRuntimeProbe.swift */,
				6A99FF5DDB1987F4FD72445F /* WalletRootView.swift */,
				85D309EBDC2A9920E5B60BC6 /* WalletScreens.swift */,
			);
			path = App;
			sourceTree = "<group>";
		};
		ED7FE5F6FB7EE3BBB03AC3DF /* Tests */ = {
			isa = PBXGroup;
			children = (
				3A51EEB449FCE3F60392A031 /* Resources */,
				E7D538593C4F633BF3F4A85A /* EudiReferenceDemoConfigurationTests.swift */,
				9A28098C49ABBDC5A6B792F5 /* WalletAppModelTests.swift */,
				BBDE0CBAB3548D875B281AA6 /* WalletKitIOSIntegrationTests.swift */,
			);
			path = Tests;
			sourceTree = "<group>";
		};
/* End PBXGroup section */

/* Begin PBXNativeTarget section */
		21880D28A9A7A5F9D683AF98 /* WalletTests */ = {
			isa = PBXNativeTarget;
			buildConfigurationList = 78BE9CE1C46B4B137D78C1BB /* Build configuration list for PBXNativeTarget "WalletTests" */;
			buildPhases = (
				5FC2F28A257113389852E28C /* Sources */,
				9CA86C63231F5113E112F86E /* Resources */,
			);
			buildRules = (
			);
			dependencies = (
				E54CDE973EDC06B3A9F02B26 /* PBXTargetDependency */,
			);
			name = WalletTests;
			packageProductDependencies = (
			);
			productName = WalletTests;
			productReference = A173F8F1FF8FA4B69FBCBB21 /* WalletTests.xctest */;
			productType = "com.apple.product-type.bundle.unit-test";
		};
		7FC9EF529CECFF96EC7707F3 /* WalletUITests */ = {
			isa = PBXNativeTarget;
			buildConfigurationList = 2A3F25E305076C5CFBFE88B1 /* Build configuration list for PBXNativeTarget "WalletUITests" */;
			buildPhases = (
				FBA0D9BD338B691EB196520B /* Sources */,
			);
			buildRules = (
			);
			dependencies = (
				5BE626CCB3FE2CED9BEE557A /* PBXTargetDependency */,
			);
			name = WalletUITests;
			packageProductDependencies = (
			);
			productName = WalletUITests;
			productReference = EE6231651ABE932AFB55827B /* WalletUITests.xctest */;
			productType = "com.apple.product-type.bundle.ui-testing";
		};
		DB226ABFBC1EC926AA7764CB /* OariWallet */ = {
			isa = PBXNativeTarget;
			buildConfigurationList = CFE6AA65F6A86E4BE43CED47 /* Build configuration list for PBXNativeTarget "OariWallet" */;
			buildPhases = (
				522626C4DD1208DCF20E35D2 /* Sources */,
				5320DEC501B2728089F80E90 /* Resources */,
				1D2EB3BDB22C6FBD6C55CD15 /* Frameworks */,
			);
			buildRules = (
			);
			dependencies = (
			);
			name = OariWallet;
			packageProductDependencies = (
				547EFD7E8CAEAE58C759B4C9 /* WalletDomain */,
				9265AFC7F1BD144B84E537E1 /* ProtocolEngine */,
				91D2FD24D582D45EA9F6E775 /* OariDesignSystem */,
				1C2BC55F8C4AD87C59681B4D /* WalletVault */,
				377D5477E6619F6CD2F469DD /* EudiWalletKitAdapter */,
				F3D2D3D88DF7E075E9286D51 /* EbsiW3CBackend */,
			);
			productName = OariWallet;
			productReference = 97A15E0BE6ACA09A914CCF44 /* OariWallet.app */;
			productType = "com.apple.product-type.application";
		};
/* End PBXNativeTarget section */

/* Begin PBXProject section */
		A738712B48B139664786C672 /* Project object */ = {
			isa = PBXProject;
			attributes = {
				BuildIndependentTargetsInParallel = YES;
				LastUpgradeCheck = 1430;
				TargetAttributes = {
					7FC9EF529CECFF96EC7707F3 = {
						TestTargetID = DB226ABFBC1EC926AA7764CB;
					};
					DB226ABFBC1EC926AA7764CB = {
						ProvisioningStyle = Automatic;
					};
				};
			};
			buildConfigurationList = 54AA8F91B7CFB96C51079D7F /* Build configuration list for PBXProject "OariWallet" */;
			developmentRegion = en;
			hasScannedForEncodings = 0;
			knownRegions = (
				Base,
				en,
			);
			mainGroup = 47D3816B5B92E63C52813CB6;
			minimizedProjectReferenceProxies = 1;
			packageReferences = (
				79A848DE71BCD48CDD246E0A /* XCLocalSwiftPackageReference "." */,
			);
			preferredProjectObjectVersion = 77;
			productRefGroup = CEC098C124B80E784FFC1DAE /* Products */;
			projectDirPath = "";
			projectRoot = "";
			targets = (
				DB226ABFBC1EC926AA7764CB /* OariWallet */,
				21880D28A9A7A5F9D683AF98 /* WalletTests */,
				7FC9EF529CECFF96EC7707F3 /* WalletUITests */,
			);
		};
/* End PBXProject section */

/* Begin PBXResourcesBuildPhase section */
		5320DEC501B2728089F80E90 /* Resources */ = {
			isa = PBXResourcesBuildPhase;
			buildActionMask = 2147483647;
			files = (
				CAF4B705B74DBB9169DBBACA /* AppIcon.icon in Resources */,
				90573B64E924980278DB944F /* Assets.xcassets in Resources */,
				C032DC2FA8CD786F33ABA8F2 /* Preview Assets.xcassets in Resources */,
				6949356DE0DBDCBA4ED14727 /* PrivacyInfo.xcprivacy in Resources */,
				3AA31F8E1921AC9AEC9BBE4D /* pidissuerca02_cz.der in Resources */,
				03CBDDDC3D283DB343ADE280 /* pidissuerca02_ee.der in Resources */,
				3520B65E17D9C7319B1BF18D /* pidissuerca02_eu.der in Resources */,
				36C0BD34883DAAB1DC4D4F51 /* pidissuerca02_lu.der in Resources */,
				F407085B3A0DBBA4DAD0A339 /* pidissuerca02_nl.der in Resources */,
				1F752FC22314DB8ED89AC3C1 /* pidissuerca02_pt.der in Resources */,
				72B84DE4381C31E9174DA70B /* pidissuerca02_ut.der in Resources */,
				17E65759A45BEC85BB7208D7 /* r45_staging.der in Resources */,
			);
			runOnlyForDeploymentPostprocessing = 0;
		};
		9CA86C63231F5113E112F86E /* Resources */ = {
			isa = PBXResourcesBuildPhase;
			buildActionMask = 2147483647;
			files = (
				BB5F75258CF99035C9D5D1AA /* TestTrustAnchor.bin in Resources */,
			);
			runOnlyForDeploymentPostprocessing = 0;
		};
/* End PBXResourcesBuildPhase section */

/* Begin PBXSourcesBuildPhase section */
		522626C4DD1208DCF20E35D2 /* Sources */ = {
			isa = PBXSourcesBuildPhase;
			buildActionMask = 2147483647;
			files = (
				FF81E2B9D02E69F29CF77E19 /* AppConfiguration.swift in Sources */,
				19A513CB8501F37BB68A41CC /* CameraQRScannerView.swift in Sources */,
				13A9D5AC982E9BA38ECA114E /* EudiFlowView.swift in Sources */,
				B930FC8EDE7DBEDB223BE1BB /* EudiReferenceDemoConfiguration.swift in Sources */,
				2F5C9E869D646A5A3044A087 /* EudiWalletService.swift in Sources */,
				E6A0EAA8B83C6FE3B95107D8 /* OariWalletApp.swift in Sources */,
				1A050C09E612A2BA5F918DFD /* OpenID4VCService.swift in Sources */,
				A18899ABF42C15905D154257 /* TrustWarningView.swift in Sources */,
				662E92423EF810D3BBD255C4 /* W3CBackendComposition.swift in Sources */,
				C3D6493B7D6D8F95986DCA5D /* WalletAppDependencies.swift in Sources */,
				22C63C48873AF23E8411BE40 /* WalletAppModel.swift in Sources */,
				1275814F950BFE89C50B0AAE /* WalletKitRuntimeProbe.swift in Sources */,
				E20ABD887009EC78B6F99455 /* WalletRootView.swift in Sources */,
				51C6A8874BF32FE18904F7BA /* WalletScreens.swift in Sources */,
			);
			runOnlyForDeploymentPostprocessing = 0;
		};
		5FC2F28A257113389852E28C /* Sources */ = {
			isa = PBXSourcesBuildPhase;
			buildActionMask = 2147483647;
			files = (
				19C8E576FC6C967F662642B3 /* EudiReferenceDemoConfigurationTests.swift in Sources */,
				F690B78E88FEBF4B2B0854DA /* WalletAppModelTests.swift in Sources */,
				82646659A1496DE955924E7D /* WalletKitIOSIntegrationTests.swift in Sources */,
			);
			runOnlyForDeploymentPostprocessing = 0;
		};
		FBA0D9BD338B691EB196520B /* Sources */ = {
			isa = PBXSourcesBuildPhase;
			buildActionMask = 2147483647;
			files = (
				148BA48E5A93CF8A92275BCD /* WalletUITests.swift in Sources */,
			);
			runOnlyForDeploymentPostprocessing = 0;
		};
/* End PBXSourcesBuildPhase section */

/* Begin PBXTargetDependency section */
		5BE626CCB3FE2CED9BEE557A /* PBXTargetDependency */ = {
			isa = PBXTargetDependency;
			target = DB226ABFBC1EC926AA7764CB /* OariWallet */;
			targetProxy = EA5A67B7B862CABEB72ACDB7 /* PBXContainerItemProxy */;
		};
		E54CDE973EDC06B3A9F02B26 /* PBXTargetDependency */ = {
			isa = PBXTargetDependency;
			target = DB226ABFBC1EC926AA7764CB /* OariWallet */;
			targetProxy = 13E98A7A3F19906C4D4B4844 /* PBXContainerItemProxy */;
		};
/* End PBXTargetDependency section */

/* Begin XCBuildConfiguration section */
		2E9B733EAF735F06F0E51D82 /* ReleaseTesting */ = {
			isa = XCBuildConfiguration;
			buildSettings = {
				ALWAYS_SEARCH_USER_PATHS = NO;
				CLANG_ANALYZER_LOCALIZABILITY_NONLOCALIZED = YES;
				CLANG_ANALYZER_NONNULL = YES;
				CLANG_ANALYZER_NUMBER_OBJECT_CONVERSION = YES_AGGRESSIVE;
				CLANG_CXX_LANGUAGE_STANDARD = "gnu++14";
				CLANG_CXX_LIBRARY = "libc++";
				CLANG_ENABLE_MODULES = YES;
				CLANG_ENABLE_OBJC_ARC = YES;
				CLANG_ENABLE_OBJC_WEAK = YES;
				CLANG_WARN_BLOCK_CAPTURE_AUTORELEASING = YES;
				CLANG_WARN_BOOL_CONVERSION = YES;
				CLANG_WARN_COMMA = YES;
				CLANG_WARN_CONSTANT_CONVERSION = YES;
				CLANG_WARN_DEPRECATED_OBJC_IMPLEMENTATIONS = YES;
				CLANG_WARN_DIRECT_OBJC_ISA_USAGE = YES_ERROR;
				CLANG_WARN_DOCUMENTATION_COMMENTS = YES;
				CLANG_WARN_EMPTY_BODY = YES;
				CLANG_WARN_ENUM_CONVERSION = YES;
				CLANG_WARN_INFINITE_RECURSION = YES;
				CLANG_WARN_INT_CONVERSION = YES;
				CLANG_WARN_NON_LITERAL_NULL_CONVERSION = YES;
				CLANG_WARN_OBJC_IMPLICIT_RETAIN_SELF = YES;
				CLANG_WARN_OBJC_LITERAL_CONVERSION = YES;
				CLANG_WARN_OBJC_ROOT_CLASS = YES_ERROR;
				CLANG_WARN_QUOTED_INCLUDE_IN_FRAMEWORK_HEADER = YES;
				CLANG_WARN_RANGE_LOOP_ANALYSIS = YES;
				CLANG_WARN_STRICT_PROTOTYPES = YES;
				CLANG_WARN_SUSPICIOUS_MOVE = YES;
				CLANG_WARN_UNGUARDED_AVAILABILITY = YES_AGGRESSIVE;
				CLANG_WARN_UNREACHABLE_CODE = YES;
				CLANG_WARN__DUPLICATE_METHOD_MATCH = YES;
				COPY_PHASE_STRIP = NO;
				DEBUG_INFORMATION_FORMAT = "dwarf-with-dsym";
				ENABLE_NS_ASSERTIONS = NO;
				ENABLE_STRICT_OBJC_MSGSEND = YES;
				ENABLE_USER_SCRIPT_SANDBOXING = YES;
				GCC_C_LANGUAGE_STANDARD = gnu11;
				GCC_NO_COMMON_BLOCKS = YES;
				GCC_TREAT_WARNINGS_AS_ERRORS = YES;
				GCC_WARN_64_TO_32_BIT_CONVERSION = YES;
				GCC_WARN_ABOUT_RETURN_TYPE = YES_ERROR;
				GCC_WARN_UNDECLARED_SELECTOR = YES;
				GCC_WARN_UNINITIALIZED_AUTOS = YES_AGGRESSIVE;
				GCC_WARN_UNUSED_FUNCTION = YES;
				GCC_WARN_UNUSED_VARIABLE = YES;
				IPHONEOS_DEPLOYMENT_TARGET = 17.0;
				MTL_ENABLE_DEBUG_INFO = NO;
				MTL_FAST_MATH = YES;
				PRODUCT_NAME = "$(TARGET_NAME)";
				SDKROOT = iphoneos;
				SWIFT_COMPILATION_MODE = wholemodule;
				SWIFT_OPTIMIZATION_LEVEL = "-O";
				SWIFT_TREAT_WARNINGS_AS_ERRORS = YES;
				SWIFT_VERSION = 6.0;
				VALIDATE_PRODUCT = YES;
			};
			name = ReleaseTesting;
		};
		34BCD017B2E733955942048E /* Debug */ = {
			isa = XCBuildConfiguration;
			buildSettings = {
				BUNDLE_LOADER = "$(TEST_HOST)";
				GENERATE_INFOPLIST_FILE = YES;
				LD_RUNPATH_SEARCH_PATHS = (
					"$(inherited)",
					"@executable_path/Frameworks",
					"@loader_path/Frameworks",
				);
				PRODUCT_BUNDLE_IDENTIFIER = io.oari.wallet.uitests;
				SDKROOT = iphoneos;
				TARGETED_DEVICE_FAMILY = "1,2";
				TEST_TARGET_NAME = OariWallet;
			};
			name = Debug;
		};
		9557FB24B094A9A68B43228A /* Debug */ = {
			isa = XCBuildConfiguration;
			buildSettings = {
				ASSETCATALOG_COMPILER_APPICON_NAME = AppIcon;
				CODE_SIGN_ENTITLEMENTS = App/OariWallet.entitlements;
				CODE_SIGN_IDENTITY = "iPhone Developer";
				CODE_SIGN_STYLE = Automatic;
				DEVELOPMENT_ASSET_PATHS = "\"App/Preview Content\"";
				DEVELOPMENT_TEAM = 5JT6DK4C4M;
				ENABLE_PREVIEWS = YES;
				ENABLE_TESTABILITY = YES;
				GENERATE_INFOPLIST_FILE = NO;
				INFOPLIST_FILE = App/Info.plist;
				LD_RUNPATH_SEARCH_PATHS = (
					"$(inherited)",
					"@executable_path/Frameworks",
				);
				PRODUCT_BUNDLE_IDENTIFIER = io.oari.wallet;
				PRODUCT_MODULE_NAME = OariWallet;
				PRODUCT_NAME = OariWallet;
				SDKROOT = iphoneos;
				SUPPORTS_MACCATALYST = NO;
				SWIFT_MODULE_NAME = OariWallet;
				TARGETED_DEVICE_FAMILY = 1;
			};
			name = Debug;
		};
		9AA319BA38F142104EFC5001 /* Debug */ = {
			isa = XCBuildConfiguration;
			buildSettings = {
				BUNDLE_LOADER = "$(TEST_HOST)";
				GENERATE_INFOPLIST_FILE = YES;
				LD_RUNPATH_SEARCH_PATHS = (
					"$(inherited)",
					"@executable_path/Frameworks",
					"@loader_path/Frameworks",
				);
				PRODUCT_BUNDLE_IDENTIFIER = io.oari.wallet.tests;
				SDKROOT = iphoneos;
				TARGETED_DEVICE_FAMILY = "1,2";
				TEST_HOST = "$(BUILT_PRODUCTS_DIR)/OariWallet.app/$(BUNDLE_EXECUTABLE_FOLDER_PATH)/OariWallet";
			};
			name = Debug;
		};
		B71E75DE9C096CE1A8E86198 /* Release */ = {
			isa = XCBuildConfiguration;
			buildSettings = {
				BUNDLE_LOADER = "$(TEST_HOST)";
				GENERATE_INFOPLIST_FILE = YES;
				LD_RUNPATH_SEARCH_PATHS = (
					"$(inherited)",
					"@executable_path/Frameworks",
					"@loader_path/Frameworks",
				);
				PRODUCT_BUNDLE_IDENTIFIER = io.oari.wallet.uitests;
				SDKROOT = iphoneos;
				TARGETED_DEVICE_FAMILY = "1,2";
				TEST_TARGET_NAME = OariWallet;
			};
			name = Release;
		};
		C248F529E8D830FC51A6DA45 /* Debug */ = {
			isa = XCBuildConfiguration;
			buildSettings = {
				ALWAYS_SEARCH_USER_PATHS = NO;
				CLANG_ANALYZER_LOCALIZABILITY_NONLOCALIZED = YES;
				CLANG_ANALYZER_NONNULL = YES;
				CLANG_ANALYZER_NUMBER_OBJECT_CONVERSION = YES_AGGRESSIVE;
				CLANG_CXX_LANGUAGE_STANDARD = "gnu++14";
				CLANG_CXX_LIBRARY = "libc++";
				CLANG_ENABLE_MODULES = YES;
				CLANG_ENABLE_OBJC_ARC = YES;
				CLANG_ENABLE_OBJC_WEAK = YES;
				CLANG_WARN_BLOCK_CAPTURE_AUTORELEASING = YES;
				CLANG_WARN_BOOL_CONVERSION = YES;
				CLANG_WARN_COMMA = YES;
				CLANG_WARN_CONSTANT_CONVERSION = YES;
				CLANG_WARN_DEPRECATED_OBJC_IMPLEMENTATIONS = YES;
				CLANG_WARN_DIRECT_OBJC_ISA_USAGE = YES_ERROR;
				CLANG_WARN_DOCUMENTATION_COMMENTS = YES;
				CLANG_WARN_EMPTY_BODY = YES;
				CLANG_WARN_ENUM_CONVERSION = YES;
				CLANG_WARN_INFINITE_RECURSION = YES;
				CLANG_WARN_INT_CONVERSION = YES;
				CLANG_WARN_NON_LITERAL_NULL_CONVERSION = YES;
				CLANG_WARN_OBJC_IMPLICIT_RETAIN_SELF = YES;
				CLANG_WARN_OBJC_LITERAL_CONVERSION = YES;
				CLANG_WARN_OBJC_ROOT_CLASS = YES_ERROR;
				CLANG_WARN_QUOTED_INCLUDE_IN_FRAMEWORK_HEADER = YES;
				CLANG_WARN_RANGE_LOOP_ANALYSIS = YES;
				CLANG_WARN_STRICT_PROTOTYPES = YES;
				CLANG_WARN_SUSPICIOUS_MOVE = YES;
				CLANG_WARN_UNGUARDED_AVAILABILITY = YES_AGGRESSIVE;
				CLANG_WARN_UNREACHABLE_CODE = YES;
				CLANG_WARN__DUPLICATE_METHOD_MATCH = YES;
				COPY_PHASE_STRIP = NO;
				DEBUG_INFORMATION_FORMAT = dwarf;
				ENABLE_STRICT_OBJC_MSGSEND = YES;
				ENABLE_TESTABILITY = YES;
				ENABLE_USER_SCRIPT_SANDBOXING = YES;
				GCC_C_LANGUAGE_STANDARD = gnu11;
				GCC_DYNAMIC_NO_PIC = NO;
				GCC_NO_COMMON_BLOCKS = YES;
				GCC_OPTIMIZATION_LEVEL = 0;
				GCC_PREPROCESSOR_DEFINITIONS = (
					"$(inherited)",
					"DEBUG=1",
				);
				GCC_TREAT_WARNINGS_AS_ERRORS = YES;
				GCC_WARN_64_TO_32_BIT_CONVERSION = YES;
				GCC_WARN_ABOUT_RETURN_TYPE = YES_ERROR;
				GCC_WARN_UNDECLARED_SELECTOR = YES;
				GCC_WARN_UNINITIALIZED_AUTOS = YES_AGGRESSIVE;
				GCC_WARN_UNUSED_FUNCTION = YES;
				GCC_WARN_UNUSED_VARIABLE = YES;
				IPHONEOS_DEPLOYMENT_TARGET = 17.0;
				MTL_ENABLE_DEBUG_INFO = INCLUDE_SOURCE;
				MTL_FAST_MATH = YES;
				ONLY_ACTIVE_ARCH = YES;
				PRODUCT_NAME = "$(TARGET_NAME)";
				SDKROOT = iphoneos;
				SWIFT_ACTIVE_COMPILATION_CONDITIONS = DEBUG;
				SWIFT_OPTIMIZATION_LEVEL = "-Onone";
				SWIFT_TREAT_WARNINGS_AS_ERRORS = YES;
				SWIFT_VERSION = 6.0;
			};
			name = Debug;
		};
		CB4FE5FE1891788621323625 /* ReleaseTesting */ = {
			isa = XCBuildConfiguration;
			buildSettings = {
				BUNDLE_LOADER = "$(TEST_HOST)";
				GENERATE_INFOPLIST_FILE = YES;
				LD_RUNPATH_SEARCH_PATHS = (
					"$(inherited)",
					"@executable_path/Frameworks",
					"@loader_path/Frameworks",
				);
				PRODUCT_BUNDLE_IDENTIFIER = io.oari.wallet.uitests;
				SDKROOT = iphoneos;
				TARGETED_DEVICE_FAMILY = "1,2";
				TEST_TARGET_NAME = OariWallet;
			};
			name = ReleaseTesting;
		};
		D9B88CADE20591269F4DF4D4 /* Release */ = {
			isa = XCBuildConfiguration;
			buildSettings = {
				BUNDLE_LOADER = "$(TEST_HOST)";
				GENERATE_INFOPLIST_FILE = YES;
				LD_RUNPATH_SEARCH_PATHS = (
					"$(inherited)",
					"@executable_path/Frameworks",
					"@loader_path/Frameworks",
				);
				PRODUCT_BUNDLE_IDENTIFIER = io.oari.wallet.tests;
				SDKROOT = iphoneos;
				TARGETED_DEVICE_FAMILY = "1,2";
				TEST_HOST = "$(BUILT_PRODUCTS_DIR)/OariWallet.app/$(BUNDLE_EXECUTABLE_FOLDER_PATH)/OariWallet";
			};
			name = Release;
		};
		DF41DA95642AD8D1650724C3 /* Release */ = {
			isa = XCBuildConfiguration;
			buildSettings = {
				ASSETCATALOG_COMPILER_APPICON_NAME = AppIcon;
				CODE_SIGN_ENTITLEMENTS = App/OariWallet.entitlements;
				CODE_SIGN_IDENTITY = "iPhone Developer";
				CODE_SIGN_STYLE = Automatic;
				DEVELOPMENT_ASSET_PATHS = "\"App/Preview Content\"";
				DEVELOPMENT_TEAM = 5JT6DK4C4M;
				ENABLE_PREVIEWS = YES;
				GENERATE_INFOPLIST_FILE = NO;
				INFOPLIST_FILE = App/Info.plist;
				LD_RUNPATH_SEARCH_PATHS = (
					"$(inherited)",
					"@executable_path/Frameworks",
				);
				PRODUCT_BUNDLE_IDENTIFIER = io.oari.wallet;
				PRODUCT_MODULE_NAME = OariWallet;
				PRODUCT_NAME = OariWallet;
				SDKROOT = iphoneos;
				SUPPORTS_MACCATALYST = NO;
				SWIFT_MODULE_NAME = OariWallet;
				TARGETED_DEVICE_FAMILY = 1;
			};
			name = Release;
		};
		F73FCE6A2D23E5BAF5807121 /* Release */ = {
			isa = XCBuildConfiguration;
			buildSettings = {
				ALWAYS_SEARCH_USER_PATHS = NO;
				CLANG_ANALYZER_LOCALIZABILITY_NONLOCALIZED = YES;
				CLANG_ANALYZER_NONNULL = YES;
				CLANG_ANALYZER_NUMBER_OBJECT_CONVERSION = YES_AGGRESSIVE;
				CLANG_CXX_LANGUAGE_STANDARD = "gnu++14";
				CLANG_CXX_LIBRARY = "libc++";
				CLANG_ENABLE_MODULES = YES;
				CLANG_ENABLE_OBJC_ARC = YES;
				CLANG_ENABLE_OBJC_WEAK = YES;
				CLANG_WARN_BLOCK_CAPTURE_AUTORELEASING = YES;
				CLANG_WARN_BOOL_CONVERSION = YES;
				CLANG_WARN_COMMA = YES;
				CLANG_WARN_CONSTANT_CONVERSION = YES;
				CLANG_WARN_DEPRECATED_OBJC_IMPLEMENTATIONS = YES;
				CLANG_WARN_DIRECT_OBJC_ISA_USAGE = YES_ERROR;
				CLANG_WARN_DOCUMENTATION_COMMENTS = YES;
				CLANG_WARN_EMPTY_BODY = YES;
				CLANG_WARN_ENUM_CONVERSION = YES;
				CLANG_WARN_INFINITE_RECURSION = YES;
				CLANG_WARN_INT_CONVERSION = YES;
				CLANG_WARN_NON_LITERAL_NULL_CONVERSION = YES;
				CLANG_WARN_OBJC_IMPLICIT_RETAIN_SELF = YES;
				CLANG_WARN_OBJC_LITERAL_CONVERSION = YES;
				CLANG_WARN_OBJC_ROOT_CLASS = YES_ERROR;
				CLANG_WARN_QUOTED_INCLUDE_IN_FRAMEWORK_HEADER = YES;
				CLANG_WARN_RANGE_LOOP_ANALYSIS = YES;
				CLANG_WARN_STRICT_PROTOTYPES = YES;
				CLANG_WARN_SUSPICIOUS_MOVE = YES;
				CLANG_WARN_UNGUARDED_AVAILABILITY = YES_AGGRESSIVE;
				CLANG_WARN_UNREACHABLE_CODE = YES;
				CLANG_WARN__DUPLICATE_METHOD_MATCH = YES;
				COPY_PHASE_STRIP = NO;
				DEBUG_INFORMATION_FORMAT = "dwarf-with-dsym";
				ENABLE_NS_ASSERTIONS = NO;
				ENABLE_STRICT_OBJC_MSGSEND = YES;
				ENABLE_USER_SCRIPT_SANDBOXING = YES;
				GCC_C_LANGUAGE_STANDARD = gnu11;
				GCC_NO_COMMON_BLOCKS = YES;
				GCC_TREAT_WARNINGS_AS_ERRORS = YES;
				GCC_WARN_64_TO_32_BIT_CONVERSION = YES;
				GCC_WARN_ABOUT_RETURN_TYPE = YES_ERROR;
				GCC_WARN_UNDECLARED_SELECTOR = YES;
				GCC_WARN_UNINITIALIZED_AUTOS = YES_AGGRESSIVE;
				GCC_WARN_UNUSED_FUNCTION = YES;
				GCC_WARN_UNUSED_VARIABLE = YES;
				IPHONEOS_DEPLOYMENT_TARGET = 17.0;
				MTL_ENABLE_DEBUG_INFO = NO;
				MTL_FAST_MATH = YES;
				PRODUCT_NAME = "$(TARGET_NAME)";
				SDKROOT = iphoneos;
				SWIFT_COMPILATION_MODE = wholemodule;
				SWIFT_OPTIMIZATION_LEVEL = "-O";
				SWIFT_TREAT_WARNINGS_AS_ERRORS = YES;
				SWIFT_VERSION = 6.0;
				VALIDATE_PRODUCT = YES;
			};
			name = Release;
		};
		F8D73E6BAD519980B14698F0 /* ReleaseTesting */ = {
			isa = XCBuildConfiguration;
			buildSettings = {
				ASSETCATALOG_COMPILER_APPICON_NAME = AppIcon;
				CODE_SIGN_ENTITLEMENTS = App/OariWallet.entitlements;
				CODE_SIGN_IDENTITY = "iPhone Developer";
				CODE_SIGN_STYLE = Automatic;
				DEVELOPMENT_ASSET_PATHS = "\"App/Preview Content\"";
				DEVELOPMENT_TEAM = 5JT6DK4C4M;
				ENABLE_PREVIEWS = YES;
				ENABLE_TESTABILITY = YES;
				GENERATE_INFOPLIST_FILE = NO;
				INFOPLIST_FILE = App/Info.plist;
				LD_RUNPATH_SEARCH_PATHS = (
					"$(inherited)",
					"@executable_path/Frameworks",
				);
				PRODUCT_BUNDLE_IDENTIFIER = io.oari.wallet;
				PRODUCT_MODULE_NAME = OariWallet;
				PRODUCT_NAME = OariWallet;
				SDKROOT = iphoneos;
				SUPPORTS_MACCATALYST = NO;
				SWIFT_MODULE_NAME = OariWallet;
				TARGETED_DEVICE_FAMILY = 1;
			};
			name = ReleaseTesting;
		};
		FBFBEC9BDB18C051170CCF28 /* ReleaseTesting */ = {
			isa = XCBuildConfiguration;
			buildSettings = {
				BUNDLE_LOADER = "$(TEST_HOST)";
				GENERATE_INFOPLIST_FILE = YES;
				LD_RUNPATH_SEARCH_PATHS = (
					"$(inherited)",
					"@executable_path/Frameworks",
					"@loader_path/Frameworks",
				);
				PRODUCT_BUNDLE_IDENTIFIER = io.oari.wallet.tests;
				SDKROOT = iphoneos;
				TARGETED_DEVICE_FAMILY = "1,2";
				TEST_HOST = "$(BUILT_PRODUCTS_DIR)/OariWallet.app/$(BUNDLE_EXECUTABLE_FOLDER_PATH)/OariWallet";
			};
			name = ReleaseTesting;
		};
/* End XCBuildConfiguration section */

/* Begin XCConfigurationList section */
		2A3F25E305076C5CFBFE88B1 /* Build configuration list for PBXNativeTarget "WalletUITests" */ = {
			isa = XCConfigurationList;
			buildConfigurations = (
				34BCD017B2E733955942048E /* Debug */,
				B71E75DE9C096CE1A8E86198 /* Release */,
				CB4FE5FE1891788621323625 /* ReleaseTesting */,
			);
			defaultConfigurationIsVisible = 0;
			defaultConfigurationName = Debug;
		};
		54AA8F91B7CFB96C51079D7F /* Build configuration list for PBXProject "OariWallet" */ = {
			isa = XCConfigurationList;
			buildConfigurations = (
				C248F529E8D830FC51A6DA45 /* Debug */,
				F73FCE6A2D23E5BAF5807121 /* Release */,
				2E9B733EAF735F06F0E51D82 /* ReleaseTesting */,
			);
			defaultConfigurationIsVisible = 0;
			defaultConfigurationName = Debug;
		};
		78BE9CE1C46B4B137D78C1BB /* Build configuration list for PBXNativeTarget "WalletTests" */ = {
			isa = XCConfigurationList;
			buildConfigurations = (
				9AA319BA38F142104EFC5001 /* Debug */,
				D9B88CADE20591269F4DF4D4 /* Release */,
				FBFBEC9BDB18C051170CCF28 /* ReleaseTesting */,
			);
			defaultConfigurationIsVisible = 0;
			defaultConfigurationName = Debug;
		};
		CFE6AA65F6A86E4BE43CED47 /* Build configuration list for PBXNativeTarget "OariWallet" */ = {
			isa = XCConfigurationList;
			buildConfigurations = (
				9557FB24B094A9A68B43228A /* Debug */,
				DF41DA95642AD8D1650724C3 /* Release */,
				F8D73E6BAD519980B14698F0 /* ReleaseTesting */,
			);
			defaultConfigurationIsVisible = 0;
			defaultConfigurationName = Debug;
		};
/* End XCConfigurationList section */

/* Begin XCLocalSwiftPackageReference section */
		79A848DE71BCD48CDD246E0A /* XCLocalSwiftPackageReference "." */ = {
			isa = XCLocalSwiftPackageReference;
			relativePath = .;
		};
/* End XCLocalSwiftPackageReference section */

/* Begin XCSwiftPackageProductDependency section */
		1C2BC55F8C4AD87C59681B4D /* WalletVault */ = {
			isa = XCSwiftPackageProductDependency;
			productName = WalletVault;
		};
		377D5477E6619F6CD2F469DD /* EudiWalletKitAdapter */ = {
			isa = XCSwiftPackageProductDependency;
			productName = EudiWalletKitAdapter;
		};
		547EFD7E8CAEAE58C759B4C9 /* WalletDomain */ = {
			isa = XCSwiftPackageProductDependency;
			productName = WalletDomain;
		};
		91D2FD24D582D45EA9F6E775 /* OariDesignSystem */ = {
			isa = XCSwiftPackageProductDependency;
			productName = OariDesignSystem;
		};
		9265AFC7F1BD144B84E537E1 /* ProtocolEngine */ = {
			isa = XCSwiftPackageProductDependency;
			productName = ProtocolEngine;
		};
		F3D2D3D88DF7E075E9286D51 /* EbsiW3CBackend */ = {
			isa = XCSwiftPackageProductDependency;
			productName = EbsiW3CBackend;
		};
/* End XCSwiftPackageProductDependency section */
	};
	rootObject = A738712B48B139664786C672 /* Project object */;
}
