// !$*UTF8*$!
{
	archiveVersion = 1;
	classes = {
	};
	objectVersion = 77;
	objects = {

/* Begin PBXBuildFile section */
		170183FED99317C32B581BE0 /* WalletAppDependencies.swift in Sources */ = {isa = PBXBuildFile; fileRef = 0395451A5539F884C27D41F6 /* WalletAppDependencies.swift */; };
		1CE0565CAA32AE6AF15804D3 /* Assets.xcassets in Resources */ = {isa = PBXBuildFile; fileRef = E6EB7F18DFECA15C3F21B5B9 /* Assets.xcassets */; };
		231C32408B846010AF138B8C /* TestTrustAnchor.bin in Resources */ = {isa = PBXBuildFile; fileRef = DED46F5E7BC94486EFD7CC64 /* TestTrustAnchor.bin */; };
		26284BAA246E5171DEFA5A51 /* WalletVault in Frameworks */ = {isa = PBXBuildFile; productRef = 1B5A99CFCF504F7FCE6A6B99 /* WalletVault */; };
		353091C3A41439ABD24FDAC7 /* AppConfiguration.swift in Sources */ = {isa = PBXBuildFile; fileRef = E5CF2849E79084493655BF0B /* AppConfiguration.swift */; };
		3BA524F02ED2364A3ADCF205 /* WalletAppModelTests.swift in Sources */ = {isa = PBXBuildFile; fileRef = 205A5D22672818911526768C /* WalletAppModelTests.swift */; };
		3E22A0321D936EE4E79A497E /* OariDesignSystem in Frameworks */ = {isa = PBXBuildFile; productRef = 768109A855639912BEA1A1E0 /* OariDesignSystem */; };
		4CAB204FBA01AB3CA4A9126D /* OARIWalletUITests.swift in Sources */ = {isa = PBXBuildFile; fileRef = 15A75726AA317DE2F4F20348 /* OARIWalletUITests.swift */; };
		50E4B63A02FCE912491E9274 /* Preview Assets.xcassets in Resources */ = {isa = PBXBuildFile; fileRef = 051EC40A072443D8A1AD6F8F /* Preview Assets.xcassets */; };
		594A62A9AAF49B474F8E5919 /* ProtocolEngine in Frameworks */ = {isa = PBXBuildFile; productRef = 8BC9D27B41DE902451FCAF84 /* ProtocolEngine */; };
		651500D1A26EC05312D654D2 /* WalletAppModel.swift in Sources */ = {isa = PBXBuildFile; fileRef = 06FBC4FAFD9C0062CC6BDDBF /* WalletAppModel.swift */; };
		6AF6FC66EC22DF0D8193E571 /* EudiFlowView.swift in Sources */ = {isa = PBXBuildFile; fileRef = E8CC54E8F1C533A5AE59F3A8 /* EudiFlowView.swift */; };
		754D11D66EC2CF6234C96441 /* EbsiWalletService.swift in Sources */ = {isa = PBXBuildFile; fileRef = 6E9D5561CB9EF409A0FAEBDA /* EbsiWalletService.swift */; };
		859822E8E1B9F5710C7CB11D /* OARIWalletApp.swift in Sources */ = {isa = PBXBuildFile; fileRef = 1246C8F696C46B04A1F8C118 /* OARIWalletApp.swift */; };
		878B6EB09C741E008DD33CB7 /* WalletRootView.swift in Sources */ = {isa = PBXBuildFile; fileRef = 93B86C1FF880C3DDA014A666 /* WalletRootView.swift */; };
		9B9646549CF1CFA834FDDD22 /* EudiWalletKitAdapter in Frameworks */ = {isa = PBXBuildFile; productRef = F6FF869902F653519E2D04AC /* EudiWalletKitAdapter */; };
		A0754F016378502A9272573A /* CameraQRScannerView.swift in Sources */ = {isa = PBXBuildFile; fileRef = 4A220056806DA8DE0EFDBC06 /* CameraQRScannerView.swift */; };
		A50788E0814BC001EA524F1B /* AppIcon.icon in Resources */ = {isa = PBXBuildFile; fileRef = 31949355B1B8D2E8A779762C /* AppIcon.icon */; };
		AF3D80FD3FD1EA03D6CAA5FF /* OariTrustWarningView.swift in Sources */ = {isa = PBXBuildFile; fileRef = 6093C1A167DEA19F9B2E612E /* OariTrustWarningView.swift */; };
		CE2111B0BC3DF529200E9EDD /* WalletScreens.swift in Sources */ = {isa = PBXBuildFile; fileRef = 1280C71BCEB9EEB97805CEAB /* WalletScreens.swift */; };
		CFF9D5AA0DA0A72C9EB2712F /* WalletKitRuntimeProbe.swift in Sources */ = {isa = PBXBuildFile; fileRef = E23FAAE97782FC8801662DB7 /* WalletKitRuntimeProbe.swift */; };
		DA9C95C3A1EBB113099E759B /* WalletDomain in Frameworks */ = {isa = PBXBuildFile; productRef = C8E03DE70A77820E952DA657 /* WalletDomain */; };
		EE8228163B0C5EF39B5E53E0 /* EudiWalletService.swift in Sources */ = {isa = PBXBuildFile; fileRef = C5C0302D6E6519B8008541E9 /* EudiWalletService.swift */; };
		F052E8E4CFE2704143EC3C53 /* EbsiW3CBackend in Frameworks */ = {isa = PBXBuildFile; productRef = DBF5C2B52DD79F1EEDDD9170 /* EbsiW3CBackend */; };
		F983126C9895DEA25170F26E /* WalletKitIOSIntegrationTests.swift in Sources */ = {isa = PBXBuildFile; fileRef = 1819007F478B7BF117F868C5 /* WalletKitIOSIntegrationTests.swift */; };
/* End PBXBuildFile section */

/* Begin PBXContainerItemProxy section */
		67EB67E2CA8FBA35CFC55ED7 /* PBXContainerItemProxy */ = {
			isa = PBXContainerItemProxy;
			containerPortal = 79EAF3AD609F0791EFCB8C8C /* Project object */;
			proxyType = 1;
			remoteGlobalIDString = D421CFB64263E692B8D48387;
			remoteInfo = OARIWallet;
		};
		A7AF0F46732970D956B3C60A /* PBXContainerItemProxy */ = {
			isa = PBXContainerItemProxy;
			containerPortal = 79EAF3AD609F0791EFCB8C8C /* Project object */;
			proxyType = 1;
			remoteGlobalIDString = D421CFB64263E692B8D48387;
			remoteInfo = OARIWallet;
		};
/* End PBXContainerItemProxy section */

/* Begin PBXFileReference section */
		0395451A5539F884C27D41F6 /* WalletAppDependencies.swift */ = {isa = PBXFileReference; lastKnownFileType = sourcecode.swift; path = WalletAppDependencies.swift; sourceTree = "<group>"; };
		051EC40A072443D8A1AD6F8F /* Preview Assets.xcassets */ = {isa = PBXFileReference; lastKnownFileType = folder.assetcatalog; path = "Preview Assets.xcassets"; sourceTree = "<group>"; };
		06FBC4FAFD9C0062CC6BDDBF /* WalletAppModel.swift */ = {isa = PBXFileReference; lastKnownFileType = sourcecode.swift; path = WalletAppModel.swift; sourceTree = "<group>"; };
		1246C8F696C46B04A1F8C118 /* OARIWalletApp.swift */ = {isa = PBXFileReference; lastKnownFileType = sourcecode.swift; path = OARIWalletApp.swift; sourceTree = "<group>"; };
		1280C71BCEB9EEB97805CEAB /* WalletScreens.swift */ = {isa = PBXFileReference; lastKnownFileType = sourcecode.swift; path = WalletScreens.swift; sourceTree = "<group>"; };
		15A75726AA317DE2F4F20348 /* OARIWalletUITests.swift */ = {isa = PBXFileReference; lastKnownFileType = sourcecode.swift; path = OARIWalletUITests.swift; sourceTree = "<group>"; };
		1819007F478B7BF117F868C5 /* WalletKitIOSIntegrationTests.swift */ = {isa = PBXFileReference; lastKnownFileType = sourcecode.swift; path = WalletKitIOSIntegrationTests.swift; sourceTree = "<group>"; };
		205A5D22672818911526768C /* WalletAppModelTests.swift */ = {isa = PBXFileReference; lastKnownFileType = sourcecode.swift; path = WalletAppModelTests.swift; sourceTree = "<group>"; };
		31949355B1B8D2E8A779762C /* AppIcon.icon */ = {isa = PBXFileReference; lastKnownFileType = wrapper.icon; path = AppIcon.icon; sourceTree = "<group>"; };
		3D48C70F5B38EA38FB85E5DD /* OARIWalletTests.xctest */ = {isa = PBXFileReference; includeInIndex = 0; lastKnownFileType = wrapper.cfbundle; path = OARIWalletTests.xctest; sourceTree = BUILT_PRODUCTS_DIR; };
		4A220056806DA8DE0EFDBC06 /* CameraQRScannerView.swift */ = {isa = PBXFileReference; lastKnownFileType = sourcecode.swift; path = CameraQRScannerView.swift; sourceTree = "<group>"; };
		6093C1A167DEA19F9B2E612E /* OariTrustWarningView.swift */ = {isa = PBXFileReference; lastKnownFileType = sourcecode.swift; path = OariTrustWarningView.swift; sourceTree = "<group>"; };
		6E9D5561CB9EF409A0FAEBDA /* EbsiWalletService.swift */ = {isa = PBXFileReference; lastKnownFileType = sourcecode.swift; path = EbsiWalletService.swift; sourceTree = "<group>"; };
		93B86C1FF880C3DDA014A666 /* WalletRootView.swift */ = {isa = PBXFileReference; lastKnownFileType = sourcecode.swift; path = WalletRootView.swift; sourceTree = "<group>"; };
		95EB23740BFB5E3E7D6DD233 /* OARIWalletUITests.xctest */ = {isa = PBXFileReference; includeInIndex = 0; lastKnownFileType = wrapper.cfbundle; path = OARIWalletUITests.xctest; sourceTree = BUILT_PRODUCTS_DIR; };
		AE13F939F92953AFB41FC1B0 /* eudi-wallet */ = {isa = PBXFileReference; lastKnownFileType = folder; name = "eudi-wallet"; path = .; sourceTree = SOURCE_ROOT; };
		BEA31C9F65F5B50D6F48CEC6 /* Info.plist */ = {isa = PBXFileReference; lastKnownFileType = text.plist; path = Info.plist; sourceTree = "<group>"; };
		BF90239235A8198B0AEFDAB8 /* OARIWallet.entitlements */ = {isa = PBXFileReference; lastKnownFileType = text.plist.entitlements; path = OARIWallet.entitlements; sourceTree = "<group>"; };
		C5C0302D6E6519B8008541E9 /* EudiWalletService.swift */ = {isa = PBXFileReference; lastKnownFileType = sourcecode.swift; path = EudiWalletService.swift; sourceTree = "<group>"; };
		DED46F5E7BC94486EFD7CC64 /* TestTrustAnchor.bin */ = {isa = PBXFileReference; lastKnownFileType = archive.macbinary; path = TestTrustAnchor.bin; sourceTree = "<group>"; };
		E23FAAE97782FC8801662DB7 /* WalletKitRuntimeProbe.swift */ = {isa = PBXFileReference; lastKnownFileType = sourcecode.swift; path = WalletKitRuntimeProbe.swift; sourceTree = "<group>"; };
		E5CF2849E79084493655BF0B /* AppConfiguration.swift */ = {isa = PBXFileReference; lastKnownFileType = sourcecode.swift; path = AppConfiguration.swift; sourceTree = "<group>"; };
		E6EB7F18DFECA15C3F21B5B9 /* Assets.xcassets */ = {isa = PBXFileReference; lastKnownFileType = folder.assetcatalog; path = Assets.xcassets; sourceTree = "<group>"; };
		E8CC54E8F1C533A5AE59F3A8 /* EudiFlowView.swift */ = {isa = PBXFileReference; lastKnownFileType = sourcecode.swift; path = EudiFlowView.swift; sourceTree = "<group>"; };
		FCCFFBE7BDE16FED06107EF7 /* OARIWallet.app */ = {isa = PBXFileReference; includeInIndex = 0; lastKnownFileType = wrapper.application; path = OARIWallet.app; sourceTree = BUILT_PRODUCTS_DIR; };
/* End PBXFileReference section */

/* Begin PBXFrameworksBuildPhase section */
		FCEADAF372E8E9077E7CDE33 /* Frameworks */ = {
			isa = PBXFrameworksBuildPhase;
			buildActionMask = 2147483647;
			files = (
				DA9C95C3A1EBB113099E759B /* WalletDomain in Frameworks */,
				594A62A9AAF49B474F8E5919 /* ProtocolEngine in Frameworks */,
				3E22A0321D936EE4E79A497E /* OariDesignSystem in Frameworks */,
				26284BAA246E5171DEFA5A51 /* WalletVault in Frameworks */,
				9B9646549CF1CFA834FDDD22 /* EudiWalletKitAdapter in Frameworks */,
				F052E8E4CFE2704143EC3C53 /* EbsiW3CBackend in Frameworks */,
			);
			runOnlyForDeploymentPostprocessing = 0;
		};
/* End PBXFrameworksBuildPhase section */

/* Begin PBXGroup section */
		24E2ACB32E5587CB3D6BE7B0 /* Preview Content */ = {
			isa = PBXGroup;
			children = (
				051EC40A072443D8A1AD6F8F /* Preview Assets.xcassets */,
			);
			path = "Preview Content";
			sourceTree = "<group>";
		};
		2CF0DD4C207B6C4E8EB99FD7 /* Products */ = {
			isa = PBXGroup;
			children = (
				FCCFFBE7BDE16FED06107EF7 /* OARIWallet.app */,
				3D48C70F5B38EA38FB85E5DD /* OARIWalletTests.xctest */,
				95EB23740BFB5E3E7D6DD233 /* OARIWalletUITests.xctest */,
			);
			name = Products;
			sourceTree = "<group>";
		};
		4A3652471B69189DB6962027 /* Packages */ = {
			isa = PBXGroup;
			children = (
				AE13F939F92953AFB41FC1B0 /* eudi-wallet */,
			);
			path = Packages;
			sourceTree = "<group>";
		};
		7197A416CA8E5B642E357078 /* OARIWallet */ = {
			isa = PBXGroup;
			children = (
				24E2ACB32E5587CB3D6BE7B0 /* Preview Content */,
				E5CF2849E79084493655BF0B /* AppConfiguration.swift */,
				31949355B1B8D2E8A779762C /* AppIcon.icon */,
				E6EB7F18DFECA15C3F21B5B9 /* Assets.xcassets */,
				4A220056806DA8DE0EFDBC06 /* CameraQRScannerView.swift */,
				6E9D5561CB9EF409A0FAEBDA /* EbsiWalletService.swift */,
				E8CC54E8F1C533A5AE59F3A8 /* EudiFlowView.swift */,
				C5C0302D6E6519B8008541E9 /* EudiWalletService.swift */,
				BEA31C9F65F5B50D6F48CEC6 /* Info.plist */,
				6093C1A167DEA19F9B2E612E /* OariTrustWarningView.swift */,
				BF90239235A8198B0AEFDAB8 /* OARIWallet.entitlements */,
				1246C8F696C46B04A1F8C118 /* OARIWalletApp.swift */,
				0395451A5539F884C27D41F6 /* WalletAppDependencies.swift */,
				06FBC4FAFD9C0062CC6BDDBF /* WalletAppModel.swift */,
				E23FAAE97782FC8801662DB7 /* WalletKitRuntimeProbe.swift */,
				93B86C1FF880C3DDA014A666 /* WalletRootView.swift */,
				1280C71BCEB9EEB97805CEAB /* WalletScreens.swift */,
			);
			path = OARIWallet;
			sourceTree = "<group>";
		};
		A87908E50AB7E151804F6DF8 /* OARIWalletTests */ = {
			isa = PBXGroup;
			children = (
				BB0A39B88BBDFF26001B2A2C /* Resources */,
				205A5D22672818911526768C /* WalletAppModelTests.swift */,
				1819007F478B7BF117F868C5 /* WalletKitIOSIntegrationTests.swift */,
			);
			path = OARIWalletTests;
			sourceTree = "<group>";
		};
		BB0A39B88BBDFF26001B2A2C /* Resources */ = {
			isa = PBXGroup;
			children = (
				DED46F5E7BC94486EFD7CC64 /* TestTrustAnchor.bin */,
			);
			path = Resources;
			sourceTree = "<group>";
		};
		CC3C5AA0693F4B0A5761C5A0 /* OARIWalletUITests */ = {
			isa = PBXGroup;
			children = (
				15A75726AA317DE2F4F20348 /* OARIWalletUITests.swift */,
			);
			path = OARIWalletUITests;
			sourceTree = "<group>";
		};
		D0522ABF0AB7D8DE586851F9 = {
			isa = PBXGroup;
			children = (
				7197A416CA8E5B642E357078 /* OARIWallet */,
				A87908E50AB7E151804F6DF8 /* OARIWalletTests */,
				CC3C5AA0693F4B0A5761C5A0 /* OARIWalletUITests */,
				4A3652471B69189DB6962027 /* Packages */,
				2CF0DD4C207B6C4E8EB99FD7 /* Products */,
			);
			sourceTree = "<group>";
		};
/* End PBXGroup section */

/* Begin PBXNativeTarget section */
		25260E0128D5512EBAF00E67 /* OARIWalletUITests */ = {
			isa = PBXNativeTarget;
			buildConfigurationList = 1F876B0926FBCF6642BDC2E9 /* Build configuration list for PBXNativeTarget "OARIWalletUITests" */;
			buildPhases = (
				A9A20C25C0EDC0AA0E4B12DC /* Sources */,
			);
			buildRules = (
			);
			dependencies = (
				30DD371F0ED8918181D9A1F8 /* PBXTargetDependency */,
			);
			name = OARIWalletUITests;
			packageProductDependencies = (
			);
			productName = OARIWalletUITests;
			productReference = 95EB23740BFB5E3E7D6DD233 /* OARIWalletUITests.xctest */;
			productType = "com.apple.product-type.bundle.ui-testing";
		};
		40C225644F0733B5BABDA5FF /* OARIWalletTests */ = {
			isa = PBXNativeTarget;
			buildConfigurationList = 3D76E785FC5532A43F50D218 /* Build configuration list for PBXNativeTarget "OARIWalletTests" */;
			buildPhases = (
				4DC5BEA32BD0B3054CA99B4A /* Sources */,
				0BE85FCAEDE3C3F7E08C1C9D /* Resources */,
			);
			buildRules = (
			);
			dependencies = (
				A987C04CD0883EF5C7D6357F /* PBXTargetDependency */,
			);
			name = OARIWalletTests;
			packageProductDependencies = (
			);
			productName = OARIWalletTests;
			productReference = 3D48C70F5B38EA38FB85E5DD /* OARIWalletTests.xctest */;
			productType = "com.apple.product-type.bundle.unit-test";
		};
		D421CFB64263E692B8D48387 /* OARIWallet */ = {
			isa = PBXNativeTarget;
			buildConfigurationList = AF548BF98181CE444872BDC8 /* Build configuration list for PBXNativeTarget "OARIWallet" */;
			buildPhases = (
				2B37DB5CBC45D33CB09CFFC7 /* Sources */,
				6C393B6ECAB1E0772A40BC08 /* Resources */,
				FCEADAF372E8E9077E7CDE33 /* Frameworks */,
			);
			buildRules = (
			);
			dependencies = (
			);
			name = OARIWallet;
			packageProductDependencies = (
				C8E03DE70A77820E952DA657 /* WalletDomain */,
				8BC9D27B41DE902451FCAF84 /* ProtocolEngine */,
				768109A855639912BEA1A1E0 /* OariDesignSystem */,
				1B5A99CFCF504F7FCE6A6B99 /* WalletVault */,
				F6FF869902F653519E2D04AC /* EudiWalletKitAdapter */,
				DBF5C2B52DD79F1EEDDD9170 /* EbsiW3CBackend */,
			);
			productName = OARIWallet;
			productReference = FCCFFBE7BDE16FED06107EF7 /* OARIWallet.app */;
			productType = "com.apple.product-type.application";
		};
/* End PBXNativeTarget section */

/* Begin PBXProject section */
		79EAF3AD609F0791EFCB8C8C /* Project object */ = {
			isa = PBXProject;
			attributes = {
				BuildIndependentTargetsInParallel = YES;
				LastUpgradeCheck = 1430;
				TargetAttributes = {
					25260E0128D5512EBAF00E67 = {
						TestTargetID = D421CFB64263E692B8D48387;
					};
					D421CFB64263E692B8D48387 = {
						ProvisioningStyle = Automatic;
					};
				};
			};
			buildConfigurationList = C11717EF6966A83945303D0F /* Build configuration list for PBXProject "OARIWallet" */;
			developmentRegion = en;
			hasScannedForEncodings = 0;
			knownRegions = (
				Base,
				en,
			);
			mainGroup = D0522ABF0AB7D8DE586851F9;
			minimizedProjectReferenceProxies = 1;
			packageReferences = (
				D5614F0732D2C04D9F86DFBF /* XCLocalSwiftPackageReference "." */,
			);
			preferredProjectObjectVersion = 77;
			productRefGroup = 2CF0DD4C207B6C4E8EB99FD7 /* Products */;
			projectDirPath = "";
			projectRoot = "";
			targets = (
				D421CFB64263E692B8D48387 /* OARIWallet */,
				40C225644F0733B5BABDA5FF /* OARIWalletTests */,
				25260E0128D5512EBAF00E67 /* OARIWalletUITests */,
			);
		};
/* End PBXProject section */

/* Begin PBXResourcesBuildPhase section */
		0BE85FCAEDE3C3F7E08C1C9D /* Resources */ = {
			isa = PBXResourcesBuildPhase;
			buildActionMask = 2147483647;
			files = (
				231C32408B846010AF138B8C /* TestTrustAnchor.bin in Resources */,
			);
			runOnlyForDeploymentPostprocessing = 0;
		};
		6C393B6ECAB1E0772A40BC08 /* Resources */ = {
			isa = PBXResourcesBuildPhase;
			buildActionMask = 2147483647;
			files = (
				A50788E0814BC001EA524F1B /* AppIcon.icon in Resources */,
				1CE0565CAA32AE6AF15804D3 /* Assets.xcassets in Resources */,
				50E4B63A02FCE912491E9274 /* Preview Assets.xcassets in Resources */,
			);
			runOnlyForDeploymentPostprocessing = 0;
		};
/* End PBXResourcesBuildPhase section */

/* Begin PBXSourcesBuildPhase section */
		2B37DB5CBC45D33CB09CFFC7 /* Sources */ = {
			isa = PBXSourcesBuildPhase;
			buildActionMask = 2147483647;
			files = (
				353091C3A41439ABD24FDAC7 /* AppConfiguration.swift in Sources */,
				A0754F016378502A9272573A /* CameraQRScannerView.swift in Sources */,
				754D11D66EC2CF6234C96441 /* EbsiWalletService.swift in Sources */,
				6AF6FC66EC22DF0D8193E571 /* EudiFlowView.swift in Sources */,
				EE8228163B0C5EF39B5E53E0 /* EudiWalletService.swift in Sources */,
				859822E8E1B9F5710C7CB11D /* OARIWalletApp.swift in Sources */,
				AF3D80FD3FD1EA03D6CAA5FF /* OariTrustWarningView.swift in Sources */,
				170183FED99317C32B581BE0 /* WalletAppDependencies.swift in Sources */,
				651500D1A26EC05312D654D2 /* WalletAppModel.swift in Sources */,
				CFF9D5AA0DA0A72C9EB2712F /* WalletKitRuntimeProbe.swift in Sources */,
				878B6EB09C741E008DD33CB7 /* WalletRootView.swift in Sources */,
				CE2111B0BC3DF529200E9EDD /* WalletScreens.swift in Sources */,
			);
			runOnlyForDeploymentPostprocessing = 0;
		};
		4DC5BEA32BD0B3054CA99B4A /* Sources */ = {
			isa = PBXSourcesBuildPhase;
			buildActionMask = 2147483647;
			files = (
				3BA524F02ED2364A3ADCF205 /* WalletAppModelTests.swift in Sources */,
				F983126C9895DEA25170F26E /* WalletKitIOSIntegrationTests.swift in Sources */,
			);
			runOnlyForDeploymentPostprocessing = 0;
		};
		A9A20C25C0EDC0AA0E4B12DC /* Sources */ = {
			isa = PBXSourcesBuildPhase;
			buildActionMask = 2147483647;
			files = (
				4CAB204FBA01AB3CA4A9126D /* OARIWalletUITests.swift in Sources */,
			);
			runOnlyForDeploymentPostprocessing = 0;
		};
/* End PBXSourcesBuildPhase section */

/* Begin PBXTargetDependency section */
		30DD371F0ED8918181D9A1F8 /* PBXTargetDependency */ = {
			isa = PBXTargetDependency;
			target = D421CFB64263E692B8D48387 /* OARIWallet */;
			targetProxy = 67EB67E2CA8FBA35CFC55ED7 /* PBXContainerItemProxy */;
		};
		A987C04CD0883EF5C7D6357F /* PBXTargetDependency */ = {
			isa = PBXTargetDependency;
			target = D421CFB64263E692B8D48387 /* OARIWallet */;
			targetProxy = A7AF0F46732970D956B3C60A /* PBXContainerItemProxy */;
		};
/* End PBXTargetDependency section */

/* Begin XCBuildConfiguration section */
		03BD036D5D60A94B3BBC029E /* Debug */ = {
			isa = XCBuildConfiguration;
			buildSettings = {
				ALWAYS_SEARCH_USER_PATHS = NO;
				CLANG_ANALYZER_LOCALIZABILITY_NONLOCALIZED = YES;
				CLANG_ANALYZER_NONNULL = YES;
				CLANG_ANALYZER_NUMBER_OBJECT_CONVERSION = YES_AGGRESSIVE;
				CLANG_CXX_LANGUAGE_STANDARD = "gnu++14";
				CLANG_CXX_LIBRARY = "libc++";
				CLANG_ENABLE_MODULES = YES;
				CLANG_ENABLE_OBJC_ARC = YES;
				CLANG_ENABLE_OBJC_WEAK = YES;
				CLANG_WARN_BLOCK_CAPTURE_AUTORELEASING = YES;
				CLANG_WARN_BOOL_CONVERSION = YES;
				CLANG_WARN_COMMA = YES;
				CLANG_WARN_CONSTANT_CONVERSION = YES;
				CLANG_WARN_DEPRECATED_OBJC_IMPLEMENTATIONS = YES;
				CLANG_WARN_DIRECT_OBJC_ISA_USAGE = YES_ERROR;
				CLANG_WARN_DOCUMENTATION_COMMENTS = YES;
				CLANG_WARN_EMPTY_BODY = YES;
				CLANG_WARN_ENUM_CONVERSION = YES;
				CLANG_WARN_INFINITE_RECURSION = YES;
				CLANG_WARN_INT_CONVERSION = YES;
				CLANG_WARN_NON_LITERAL_NULL_CONVERSION = YES;
				CLANG_WARN_OBJC_IMPLICIT_RETAIN_SELF = YES;
				CLANG_WARN_OBJC_LITERAL_CONVERSION = YES;
				CLANG_WARN_OBJC_ROOT_CLASS = YES_ERROR;
				CLANG_WARN_QUOTED_INCLUDE_IN_FRAMEWORK_HEADER = YES;
				CLANG_WARN_RANGE_LOOP_ANALYSIS = YES;
				CLANG_WARN_STRICT_PROTOTYPES = YES;
				CLANG_WARN_SUSPICIOUS_MOVE = YES;
				CLANG_WARN_UNGUARDED_AVAILABILITY = YES_AGGRESSIVE;
				CLANG_WARN_UNREACHABLE_CODE = YES;
				CLANG_WARN__DUPLICATE_METHOD_MATCH = YES;
				COPY_PHASE_STRIP = NO;
				DEBUG_INFORMATION_FORMAT = dwarf;
				ENABLE_STRICT_OBJC_MSGSEND = YES;
				ENABLE_TESTABILITY = YES;
				ENABLE_USER_SCRIPT_SANDBOXING = YES;
				GCC_C_LANGUAGE_STANDARD = gnu11;
				GCC_DYNAMIC_NO_PIC = NO;
				GCC_NO_COMMON_BLOCKS = YES;
				GCC_OPTIMIZATION_LEVEL = 0;
				GCC_PREPROCESSOR_DEFINITIONS = (
					"$(inherited)",
					"DEBUG=1",
				);
				GCC_TREAT_WARNINGS_AS_ERRORS = YES;
				GCC_WARN_64_TO_32_BIT_CONVERSION = YES;
				GCC_WARN_ABOUT_RETURN_TYPE = YES_ERROR;
				GCC_WARN_UNDECLARED_SELECTOR = YES;
				GCC_WARN_UNINITIALIZED_AUTOS = YES_AGGRESSIVE;
				GCC_WARN_UNUSED_FUNCTION = YES;
				GCC_WARN_UNUSED_VARIABLE = YES;
				IPHONEOS_DEPLOYMENT_TARGET = 17.0;
				MTL_ENABLE_DEBUG_INFO = INCLUDE_SOURCE;
				MTL_FAST_MATH = YES;
				ONLY_ACTIVE_ARCH = YES;
				PRODUCT_NAME = "$(TARGET_NAME)";
				SDKROOT = iphoneos;
				SWIFT_ACTIVE_COMPILATION_CONDITIONS = DEBUG;
				SWIFT_OPTIMIZATION_LEVEL = "-Onone";
				SWIFT_TREAT_WARNINGS_AS_ERRORS = YES;
				SWIFT_VERSION = 6.0;
			};
			name = Debug;
		};
		0F388E2E6094898A349CDD01 /* Debug */ = {
			isa = XCBuildConfiguration;
			buildSettings = {
				BUNDLE_LOADER = "$(TEST_HOST)";
				GENERATE_INFOPLIST_FILE = YES;
				LD_RUNPATH_SEARCH_PATHS = (
					"$(inherited)",
					"@executable_path/Frameworks",
					"@loader_path/Frameworks",
				);
				PRODUCT_BUNDLE_IDENTIFIER = io.oari.wallet.tests;
				SDKROOT = iphoneos;
				TARGETED_DEVICE_FAMILY = "1,2";
				TEST_HOST = "$(BUILT_PRODUCTS_DIR)/OARIWallet.app/$(BUNDLE_EXECUTABLE_FOLDER_PATH)/OARIWallet";
			};
			name = Debug;
		};
		18B1A2A56066ADAC48060B96 /* Release */ = {
			isa = XCBuildConfiguration;
			buildSettings = {
				BUNDLE_LOADER = "$(TEST_HOST)";
				GENERATE_INFOPLIST_FILE = YES;
				LD_RUNPATH_SEARCH_PATHS = (
					"$(inherited)",
					"@executable_path/Frameworks",
					"@loader_path/Frameworks",
				);
				PRODUCT_BUNDLE_IDENTIFIER = io.oari.wallet.tests;
				SDKROOT = iphoneos;
				TARGETED_DEVICE_FAMILY = "1,2";
				TEST_HOST = "$(BUILT_PRODUCTS_DIR)/OARIWallet.app/$(BUNDLE_EXECUTABLE_FOLDER_PATH)/OARIWallet";
			};
			name = Release;
		};
		3C9FDAEC2DE0AD0B55E72C89 /* ReleaseTesting */ = {
			isa = XCBuildConfiguration;
			buildSettings = {
				BUNDLE_LOADER = "$(TEST_HOST)";
				GENERATE_INFOPLIST_FILE = YES;
				LD_RUNPATH_SEARCH_PATHS = (
					"$(inherited)",
					"@executable_path/Frameworks",
					"@loader_path/Frameworks",
				);
				PRODUCT_BUNDLE_IDENTIFIER = io.oari.wallet.tests;
				SDKROOT = iphoneos;
				TARGETED_DEVICE_FAMILY = "1,2";
				TEST_HOST = "$(BUILT_PRODUCTS_DIR)/OARIWallet.app/$(BUNDLE_EXECUTABLE_FOLDER_PATH)/OARIWallet";
			};
			name = ReleaseTesting;
		};
		3F33166ECBD333CB3B6261AF /* Release */ = {
			isa = XCBuildConfiguration;
			buildSettings = {
				ASSETCATALOG_COMPILER_APPICON_NAME = AppIcon;
				CODE_SIGN_ENTITLEMENTS = OARIWallet/OARIWallet.entitlements;
				CODE_SIGN_IDENTITY = "iPhone Developer";
				CODE_SIGN_STYLE = Automatic;
				DEVELOPMENT_ASSET_PATHS = "\"OARIWallet/Preview Content\"";
				ENABLE_PREVIEWS = YES;
				GENERATE_INFOPLIST_FILE = NO;
				INFOPLIST_FILE = OARIWallet/Info.plist;
				LD_RUNPATH_SEARCH_PATHS = (
					"$(inherited)",
					"@executable_path/Frameworks",
				);
				PRODUCT_BUNDLE_IDENTIFIER = io.oari.wallet;
				PRODUCT_NAME = OARIWallet;
				SDKROOT = iphoneos;
				SUPPORTS_MACCATALYST = NO;
				TARGETED_DEVICE_FAMILY = "1,2";
			};
			name = Release;
		};
		8A5074F3064CA542B41BABCE /* Debug */ = {
			isa = XCBuildConfiguration;
			buildSettings = {
				BUNDLE_LOADER = "$(TEST_HOST)";
				GENERATE_INFOPLIST_FILE = YES;
				LD_RUNPATH_SEARCH_PATHS = (
					"$(inherited)",
					"@executable_path/Frameworks",
					"@loader_path/Frameworks",
				);
				PRODUCT_BUNDLE_IDENTIFIER = io.oari.wallet.uitests;
				SDKROOT = iphoneos;
				TARGETED_DEVICE_FAMILY = "1,2";
				TEST_TARGET_NAME = OARIWallet;
			};
			name = Debug;
		};
		ABDA5051EE5A7FAF93F9EE3A /* Release */ = {
			isa = XCBuildConfiguration;
			buildSettings = {
				BUNDLE_LOADER = "$(TEST_HOST)";
				GENERATE_INFOPLIST_FILE = YES;
				LD_RUNPATH_SEARCH_PATHS = (
					"$(inherited)",
					"@executable_path/Frameworks",
					"@loader_path/Frameworks",
				);
				PRODUCT_BUNDLE_IDENTIFIER = io.oari.wallet.uitests;
				SDKROOT = iphoneos;
				TARGETED_DEVICE_FAMILY = "1,2";
				TEST_TARGET_NAME = OARIWallet;
			};
			name = Release;
		};
		AE7EEAC09680D8F734C2EA83 /* ReleaseTesting */ = {
			isa = XCBuildConfiguration;
			buildSettings = {
				ALWAYS_SEARCH_USER_PATHS = NO;
				CLANG_ANALYZER_LOCALIZABILITY_NONLOCALIZED = YES;
				CLANG_ANALYZER_NONNULL = YES;
				CLANG_ANALYZER_NUMBER_OBJECT_CONVERSION = YES_AGGRESSIVE;
				CLANG_CXX_LANGUAGE_STANDARD = "gnu++14";
				CLANG_CXX_LIBRARY = "libc++";
				CLANG_ENABLE_MODULES = YES;
				CLANG_ENABLE_OBJC_ARC = YES;
				CLANG_ENABLE_OBJC_WEAK = YES;
				CLANG_WARN_BLOCK_CAPTURE_AUTORELEASING = YES;
				CLANG_WARN_BOOL_CONVERSION = YES;
				CLANG_WARN_COMMA = YES;
				CLANG_WARN_CONSTANT_CONVERSION = YES;
				CLANG_WARN_DEPRECATED_OBJC_IMPLEMENTATIONS = YES;
				CLANG_WARN_DIRECT_OBJC_ISA_USAGE = YES_ERROR;
				CLANG_WARN_DOCUMENTATION_COMMENTS = YES;
				CLANG_WARN_EMPTY_BODY = YES;
				CLANG_WARN_ENUM_CONVERSION = YES;
				CLANG_WARN_INFINITE_RECURSION = YES;
				CLANG_WARN_INT_CONVERSION = YES;
				CLANG_WARN_NON_LITERAL_NULL_CONVERSION = YES;
				CLANG_WARN_OBJC_IMPLICIT_RETAIN_SELF = YES;
				CLANG_WARN_OBJC_LITERAL_CONVERSION = YES;
				CLANG_WARN_OBJC_ROOT_CLASS = YES_ERROR;
				CLANG_WARN_QUOTED_INCLUDE_IN_FRAMEWORK_HEADER = YES;
				CLANG_WARN_RANGE_LOOP_ANALYSIS = YES;
				CLANG_WARN_STRICT_PROTOTYPES = YES;
				CLANG_WARN_SUSPICIOUS_MOVE = YES;
				CLANG_WARN_UNGUARDED_AVAILABILITY = YES_AGGRESSIVE;
				CLANG_WARN_UNREACHABLE_CODE = YES;
				CLANG_WARN__DUPLICATE_METHOD_MATCH = YES;
				COPY_PHASE_STRIP = NO;
				DEBUG_INFORMATION_FORMAT = "dwarf-with-dsym";
				ENABLE_NS_ASSERTIONS = NO;
				ENABLE_STRICT_OBJC_MSGSEND = YES;
				ENABLE_USER_SCRIPT_SANDBOXING = YES;
				GCC_C_LANGUAGE_STANDARD = gnu11;
				GCC_NO_COMMON_BLOCKS = YES;
				GCC_TREAT_WARNINGS_AS_ERRORS = YES;
				GCC_WARN_64_TO_32_BIT_CONVERSION = YES;
				GCC_WARN_ABOUT_RETURN_TYPE = YES_ERROR;
				GCC_WARN_UNDECLARED_SELECTOR = YES;
				GCC_WARN_UNINITIALIZED_AUTOS = YES_AGGRESSIVE;
				GCC_WARN_UNUSED_FUNCTION = YES;
				GCC_WARN_UNUSED_VARIABLE = YES;
				IPHONEOS_DEPLOYMENT_TARGET = 17.0;
				MTL_ENABLE_DEBUG_INFO = NO;
				MTL_FAST_MATH = YES;
				PRODUCT_NAME = "$(TARGET_NAME)";
				SDKROOT = iphoneos;
				SWIFT_COMPILATION_MODE = wholemodule;
				SWIFT_OPTIMIZATION_LEVEL = "-O";
				SWIFT_TREAT_WARNINGS_AS_ERRORS = YES;
				SWIFT_VERSION = 6.0;
				VALIDATE_PRODUCT = YES;
			};
			name = ReleaseTesting;
		};
		BECC14604A04BF5BC2749C35 /* Debug */ = {
			isa = XCBuildConfiguration;
			buildSettings = {
				ASSETCATALOG_COMPILER_APPICON_NAME = AppIcon;
				CODE_SIGN_ENTITLEMENTS = OARIWallet/OARIWallet.entitlements;
				CODE_SIGN_IDENTITY = "iPhone Developer";
				CODE_SIGN_STYLE = Automatic;
				DEVELOPMENT_ASSET_PATHS = "\"OARIWallet/Preview Content\"";
				ENABLE_PREVIEWS = YES;
				GENERATE_INFOPLIST_FILE = NO;
				INFOPLIST_FILE = OARIWallet/Info.plist;
				LD_RUNPATH_SEARCH_PATHS = (
					"$(inherited)",
					"@executable_path/Frameworks",
				);
				PRODUCT_BUNDLE_IDENTIFIER = io.oari.wallet;
				PRODUCT_NAME = OARIWallet;
				SDKROOT = iphoneos;
				SUPPORTS_MACCATALYST = NO;
				TARGETED_DEVICE_FAMILY = "1,2";
			};
			name = Debug;
		};
		DAC87F48CEAD63E4893378E0 /* Release */ = {
			isa = XCBuildConfiguration;
			buildSettings = {
				ALWAYS_SEARCH_USER_PATHS = NO;
				CLANG_ANALYZER_LOCALIZABILITY_NONLOCALIZED = YES;
				CLANG_ANALYZER_NONNULL = YES;
				CLANG_ANALYZER_NUMBER_OBJECT_CONVERSION = YES_AGGRESSIVE;
				CLANG_CXX_LANGUAGE_STANDARD = "gnu++14";
				CLANG_CXX_LIBRARY = "libc++";
				CLANG_ENABLE_MODULES = YES;
				CLANG_ENABLE_OBJC_ARC = YES;
				CLANG_ENABLE_OBJC_WEAK = YES;
				CLANG_WARN_BLOCK_CAPTURE_AUTORELEASING = YES;
				CLANG_WARN_BOOL_CONVERSION = YES;
				CLANG_WARN_COMMA = YES;
				CLANG_WARN_CONSTANT_CONVERSION = YES;
				CLANG_WARN_DEPRECATED_OBJC_IMPLEMENTATIONS = YES;
				CLANG_WARN_DIRECT_OBJC_ISA_USAGE = YES_ERROR;
				CLANG_WARN_DOCUMENTATION_COMMENTS = YES;
				CLANG_WARN_EMPTY_BODY = YES;
				CLANG_WARN_ENUM_CONVERSION = YES;
				CLANG_WARN_INFINITE_RECURSION = YES;
				CLANG_WARN_INT_CONVERSION = YES;
				CLANG_WARN_NON_LITERAL_NULL_CONVERSION = YES;
				CLANG_WARN_OBJC_IMPLICIT_RETAIN_SELF = YES;
				CLANG_WARN_OBJC_LITERAL_CONVERSION = YES;
				CLANG_WARN_OBJC_ROOT_CLASS = YES_ERROR;
				CLANG_WARN_QUOTED_INCLUDE_IN_FRAMEWORK_HEADER = YES;
				CLANG_WARN_RANGE_LOOP_ANALYSIS = YES;
				CLANG_WARN_STRICT_PROTOTYPES = YES;
				CLANG_WARN_SUSPICIOUS_MOVE = YES;
				CLANG_WARN_UNGUARDED_AVAILABILITY = YES_AGGRESSIVE;
				CLANG_WARN_UNREACHABLE_CODE = YES;
				CLANG_WARN__DUPLICATE_METHOD_MATCH = YES;
				COPY_PHASE_STRIP = NO;
				DEBUG_INFORMATION_FORMAT = "dwarf-with-dsym";
				ENABLE_NS_ASSERTIONS = NO;
				ENABLE_STRICT_OBJC_MSGSEND = YES;
				ENABLE_USER_SCRIPT_SANDBOXING = YES;
				GCC_C_LANGUAGE_STANDARD = gnu11;
				GCC_NO_COMMON_BLOCKS = YES;
				GCC_TREAT_WARNINGS_AS_ERRORS = YES;
				GCC_WARN_64_TO_32_BIT_CONVERSION = YES;
				GCC_WARN_ABOUT_RETURN_TYPE = YES_ERROR;
				GCC_WARN_UNDECLARED_SELECTOR = YES;
				GCC_WARN_UNINITIALIZED_AUTOS = YES_AGGRESSIVE;
				GCC_WARN_UNUSED_FUNCTION = YES;
				GCC_WARN_UNUSED_VARIABLE = YES;
				IPHONEOS_DEPLOYMENT_TARGET = 17.0;
				MTL_ENABLE_DEBUG_INFO = NO;
				MTL_FAST_MATH = YES;
				PRODUCT_NAME = "$(TARGET_NAME)";
				SDKROOT = iphoneos;
				SWIFT_COMPILATION_MODE = wholemodule;
				SWIFT_OPTIMIZATION_LEVEL = "-O";
				SWIFT_TREAT_WARNINGS_AS_ERRORS = YES;
				SWIFT_VERSION = 6.0;
				VALIDATE_PRODUCT = YES;
			};
			name = Release;
		};
		E8350FDF737B91953B672CA4 /* ReleaseTesting */ = {
			isa = XCBuildConfiguration;
			buildSettings = {
				BUNDLE_LOADER = "$(TEST_HOST)";
				GENERATE_INFOPLIST_FILE = YES;
				LD_RUNPATH_SEARCH_PATHS = (
					"$(inherited)",
					"@executable_path/Frameworks",
					"@loader_path/Frameworks",
				);
				PRODUCT_BUNDLE_IDENTIFIER = io.oari.wallet.uitests;
				SDKROOT = iphoneos;
				TARGETED_DEVICE_FAMILY = "1,2";
				TEST_TARGET_NAME = OARIWallet;
			};
			name = ReleaseTesting;
		};
		FDD9EE0B2F8E4407373B8978 /* ReleaseTesting */ = {
			isa = XCBuildConfiguration;
			buildSettings = {
				ASSETCATALOG_COMPILER_APPICON_NAME = AppIcon;
				CODE_SIGN_ENTITLEMENTS = OARIWallet/OARIWallet.entitlements;
				CODE_SIGN_IDENTITY = "iPhone Developer";
				CODE_SIGN_STYLE = Automatic;
				DEVELOPMENT_ASSET_PATHS = "\"OARIWallet/Preview Content\"";
				ENABLE_PREVIEWS = YES;
				ENABLE_TESTABILITY = YES;
				GENERATE_INFOPLIST_FILE = NO;
				INFOPLIST_FILE = OARIWallet/Info.plist;
				LD_RUNPATH_SEARCH_PATHS = (
					"$(inherited)",
					"@executable_path/Frameworks",
				);
				PRODUCT_BUNDLE_IDENTIFIER = io.oari.wallet;
				PRODUCT_NAME = OARIWallet;
				SDKROOT = iphoneos;
				SUPPORTS_MACCATALYST = NO;
				TARGETED_DEVICE_FAMILY = "1,2";
			};
			name = ReleaseTesting;
		};
/* End XCBuildConfiguration section */

/* Begin XCConfigurationList section */
		1F876B0926FBCF6642BDC2E9 /* Build configuration list for PBXNativeTarget "OARIWalletUITests" */ = {
			isa = XCConfigurationList;
			buildConfigurations = (
				8A5074F3064CA542B41BABCE /* Debug */,
				ABDA5051EE5A7FAF93F9EE3A /* Release */,
				E8350FDF737B91953B672CA4 /* ReleaseTesting */,
			);
			defaultConfigurationIsVisible = 0;
			defaultConfigurationName = Debug;
		};
		3D76E785FC5532A43F50D218 /* Build configuration list for PBXNativeTarget "OARIWalletTests" */ = {
			isa = XCConfigurationList;
			buildConfigurations = (
				0F388E2E6094898A349CDD01 /* Debug */,
				18B1A2A56066ADAC48060B96 /* Release */,
				3C9FDAEC2DE0AD0B55E72C89 /* ReleaseTesting */,
			);
			defaultConfigurationIsVisible = 0;
			defaultConfigurationName = Debug;
		};
		AF548BF98181CE444872BDC8 /* Build configuration list for PBXNativeTarget "OARIWallet" */ = {
			isa = XCConfigurationList;
			buildConfigurations = (
				BECC14604A04BF5BC2749C35 /* Debug */,
				3F33166ECBD333CB3B6261AF /* Release */,
				FDD9EE0B2F8E4407373B8978 /* ReleaseTesting */,
			);
			defaultConfigurationIsVisible = 0;
			defaultConfigurationName = Debug;
		};
		C11717EF6966A83945303D0F /* Build configuration list for PBXProject "OARIWallet" */ = {
			isa = XCConfigurationList;
			buildConfigurations = (
				03BD036D5D60A94B3BBC029E /* Debug */,
				DAC87F48CEAD63E4893378E0 /* Release */,
				AE7EEAC09680D8F734C2EA83 /* ReleaseTesting */,
			);
			defaultConfigurationIsVisible = 0;
			defaultConfigurationName = Debug;
		};
/* End XCConfigurationList section */

/* Begin XCLocalSwiftPackageReference section */
		D5614F0732D2C04D9F86DFBF /* XCLocalSwiftPackageReference "." */ = {
			isa = XCLocalSwiftPackageReference;
			relativePath = .;
		};
/* End XCLocalSwiftPackageReference section */

/* Begin XCSwiftPackageProductDependency section */
		1B5A99CFCF504F7FCE6A6B99 /* WalletVault */ = {
			isa = XCSwiftPackageProductDependency;
			productName = WalletVault;
		};
		768109A855639912BEA1A1E0 /* OariDesignSystem */ = {
			isa = XCSwiftPackageProductDependency;
			productName = OariDesignSystem;
		};
		8BC9D27B41DE902451FCAF84 /* ProtocolEngine */ = {
			isa = XCSwiftPackageProductDependency;
			productName = ProtocolEngine;
		};
		C8E03DE70A77820E952DA657 /* WalletDomain */ = {
			isa = XCSwiftPackageProductDependency;
			productName = WalletDomain;
		};
		DBF5C2B52DD79F1EEDDD9170 /* EbsiW3CBackend */ = {
			isa = XCSwiftPackageProductDependency;
			productName = EbsiW3CBackend;
		};
		F6FF869902F653519E2D04AC /* EudiWalletKitAdapter */ = {
			isa = XCSwiftPackageProductDependency;
			productName = EudiWalletKitAdapter;
		};
/* End XCSwiftPackageProductDependency section */
	};
	rootObject = 79EAF3AD609F0791EFCB8C8C /* Project object */;
}
